// !$*UTF8*$!
{
	archiveVersion = 1;
	classes = {
	};
	objectVersion = 46;
	objects = {

/* Begin PBXBuildFile section */
		4120C46313B416E300E8A553 /* AssetsLibrary.framework in Frameworks */ = {isa = PBXBuildFile; fileRef = 4120C46213B416E300E8A553 /* AssetsLibrary.framework */; };
		4120C47013B4177800E8A553 /* ELCAlbumPickerController.m in Sources */ = {isa = PBXBuildFile; fileRef = 4120C46613B4177300E8A553 /* ELCAlbumPickerController.m */; };
		4120C47113B4177800E8A553 /* ELCAssetTablePicker.m in Sources */ = {isa = PBXBuildFile; fileRef = 4120C46813B4177400E8A553 /* ELCAssetTablePicker.m */; };
		4120C47213B4177800E8A553 /* ELCAsset.m in Sources */ = {isa = PBXBuildFile; fileRef = 4120C46A13B4177400E8A553 /* ELCAsset.m */; };
		4120C47313B4177900E8A553 /* ELCAssetCell.m in Sources */ = {isa = PBXBuildFile; fileRef = 4120C46C13B4177500E8A553 /* ELCAssetCell.m */; };
		4120C47413B4177900E8A553 /* ELCImagePickerController.m in Sources */ = {isa = PBXBuildFile; fileRef = 4120C46E13B4177700E8A553 /* ELCImagePickerController.m */; };
		4120C47513B4177900E8A553 /* ELCImagePickerController.xib in Resources */ = {isa = PBXBuildFile; fileRef = 4120C46F13B4177800E8A553 /* ELCImagePickerController.xib */; };
		4120C47B13B4179F00E8A553 /* ELCAlbumPickerController.xib in Resources */ = {isa = PBXBuildFile; fileRef = 4120C47613B4179E00E8A553 /* ELCAlbumPickerController.xib */; };
		4120C47C13B4179F00E8A553 /* ELCAssetTablePicker.xib in Resources */ = {isa = PBXBuildFile; fileRef = 4120C47713B4179E00E8A553 /* ELCAssetTablePicker.xib */; };
		4120C47D13B4179F00E8A553 /* ELCAssetPicker.xib in Resources */ = {isa = PBXBuildFile; fileRef = 4120C47813B4179E00E8A553 /* ELCAssetPicker.xib */; };
		4120C47E13B4179F00E8A553 /* Overlay.png in Resources */ = {isa = PBXBuildFile; fileRef = 4120C47913B4179E00E8A553 /* Overlay.png */; };
		4120C47F13B4179F00E8A553 /* Overlay@2x.png in Resources */ = {isa = PBXBuildFile; fileRef = 4120C47A13B4179F00E8A553 /* Overlay@2x.png */; };
		4120C48513B4201600E8A553 /* iPictureRootViewController.m in Sources */ = {isa = PBXBuildFile; fileRef = 4120C48313B4201500E8A553 /* iPictureRootViewController.m */; };
		4120C48613B4201600E8A553 /* iPictureRootViewController.xib in Resources */ = {isa = PBXBuildFile; fileRef = 4120C48413B4201600E8A553 /* iPictureRootViewController.xib */; };
		4120C49013B421A500E8A553 /* pictureCategory.plist in Resources */ = {isa = PBXBuildFile; fileRef = 4120C48F13B421A400E8A553 /* pictureCategory.plist */; };
		4120C49713B4269F00E8A553 /* Business.png in Resources */ = {isa = PBXBuildFile; fileRef = 4120C49113B4269200E8A553 /* Business.png */; };
		4120C49813B4269F00E8A553 /* Party.png in Resources */ = {isa = PBXBuildFile; fileRef = 4120C49213B4269300E8A553 /* Party.png */; };
		4120C49913B4269F00E8A553 /* Relax.png in Resources */ = {isa = PBXBuildFile; fileRef = 4120C49313B4269400E8A553 /* Relax.png */; };
		4120C49A13B4269F00E8A553 /* Sports.png in Resources */ = {isa = PBXBuildFile; fileRef = 4120C49413B4269600E8A553 /* Sports.png */; };
		4120C49B13B4269F00E8A553 /* Family.png in Resources */ = {isa = PBXBuildFile; fileRef = 4120C49513B4269800E8A553 /* Family.png */; };
		4120C4A313B42D4400E8A553 /* CategoryRootCell.m in Sources */ = {isa = PBXBuildFile; fileRef = 4120C4A113B42D4200E8A553 /* CategoryRootCell.m */; };
		4120C4A413B42D4400E8A553 /* CategoryRootCell.xib in Resources */ = {isa = PBXBuildFile; fileRef = 4120C4A213B42D4300E8A553 /* CategoryRootCell.xib */; };
		4120C4AC13B42DC000E8A553 /* lightGrayBackground.png in Resources */ = {isa = PBXBuildFile; fileRef = 4120C4A513B42DC000E8A553 /* lightGrayBackground.png */; };
		4120C4AD13B42DC000E8A553 /* grayBackground.png in Resources */ = {isa = PBXBuildFile; fileRef = 4120C4A613B42DC000E8A553 /* grayBackground.png */; };
		4120C4AE13B42DC000E8A553 /* yellowBackground@2x.png in Resources */ = {isa = PBXBuildFile; fileRef = 4120C4A713B42DC000E8A553 /* yellowBackground@2x.png */; };
		4120C4AF13B42DC000E8A553 /* blueBackground@2x.png in Resources */ = {isa = PBXBuildFile; fileRef = 4120C4A813B42DC000E8A553 /* blueBackground@2x.png */; };
		4120C4B013B42DC000E8A553 /* blackboard@2x.png in Resources */ = {isa = PBXBuildFile; fileRef = 4120C4A913B42DC000E8A553 /* blackboard@2x.png */; };
		4120C4B113B42DC000E8A553 /* DarkBackground.png in Resources */ = {isa = PBXBuildFile; fileRef = 4120C4AA13B42DC000E8A553 /* DarkBackground.png */; };
		4120C4B213B42DC000E8A553 /* LightBackground.png in Resources */ = {isa = PBXBuildFile; fileRef = 4120C4AB13B42DC000E8A553 /* LightBackground.png */; };
		4120C4BD13B4818900E8A553 /* DialogView.m in Sources */ = {isa = PBXBuildFile; fileRef = 4120C4BC13B4818900E8A553 /* DialogView.m */; };
		4120C4BF13B4AC6900E8A553 /* DialogView.xib in Resources */ = {isa = PBXBuildFile; fileRef = 4120C4BE13B4AC5900E8A553 /* DialogView.xib */; };
		41665E8913AA5A0D00E73416 /* MyTabbar.m in Sources */ = {isa = PBXBuildFile; fileRef = 41665E8813AA5A0B00E73416 /* MyTabbar.m */; };
		41665ED613AC455E00E73416 /* iPictureSettingController.m in Sources */ = {isa = PBXBuildFile; fileRef = 41665ED413AC455D00E73416 /* iPictureSettingController.m */; };
		41665ED713AC455E00E73416 /* iPictureSettingController.xib in Resources */ = {isa = PBXBuildFile; fileRef = 41665ED513AC455D00E73416 /* iPictureSettingController.xib */; };
		417B779C1397C2DF003A07CE /* Tabbaritem.plist in Resources */ = {isa = PBXBuildFile; fileRef = 417B779B1397C2DF003A07CE /* Tabbaritem.plist */; };
		4196452A137768BD00FBB64D /* UIKit.framework in Frameworks */ = {isa = PBXBuildFile; fileRef = 41964529137768BD00FBB64D /* UIKit.framework */; };
		4196452C137768BD00FBB64D /* Foundation.framework in Frameworks */ = {isa = PBXBuildFile; fileRef = 4196452B137768BD00FBB64D /* Foundation.framework */; };
		4196452E137768BD00FBB64D /* CoreGraphics.framework in Frameworks */ = {isa = PBXBuildFile; fileRef = 4196452D137768BD00FBB64D /* CoreGraphics.framework */; };
		41964534137768BD00FBB64D /* InfoPlist.strings in Resources */ = {isa = PBXBuildFile; fileRef = 41964532137768BD00FBB64D /* InfoPlist.strings */; };
		41964537137768BD00FBB64D /* main.m in Sources */ = {isa = PBXBuildFile; fileRef = 41964536137768BD00FBB64D /* main.m */; };
		4196453A137768BD00FBB64D /* almondzAppDelegate.m in Sources */ = {isa = PBXBuildFile; fileRef = 41964539137768BD00FBB64D /* almondzAppDelegate.m */; };
		4196453D137768BD00FBB64D /* MainWindow.xib in Resources */ = {isa = PBXBuildFile; fileRef = 4196453B137768BD00FBB64D /* MainWindow.xib */; };
		4196454C1377693400FBB64D /* MainRootViewController.m in Sources */ = {isa = PBXBuildFile; fileRef = 4196454A1377693400FBB64D /* MainRootViewController.m */; };
		4196454D1377693400FBB64D /* MainRootViewController.xib in Resources */ = {isa = PBXBuildFile; fileRef = 4196454B1377693400FBB64D /* MainRootViewController.xib */; };
		4196457A1377712200FBB64D /* ref0.PNG in Resources */ = {isa = PBXBuildFile; fileRef = 4196455B137770A200FBB64D /* ref0.PNG */; };
		4196457B1377712200FBB64D /* ref1.PNG in Resources */ = {isa = PBXBuildFile; fileRef = 4196455C137770A200FBB64D /* ref1.PNG */; };
		4196457C1377712200FBB64D /* ref2.PNG in Resources */ = {isa = PBXBuildFile; fileRef = 4196455D137770A200FBB64D /* ref2.PNG */; };
		4196457D1377712200FBB64D /* ref3.PNG in Resources */ = {isa = PBXBuildFile; fileRef = 4196455E137770A300FBB64D /* ref3.PNG */; };
		4196457E1377712200FBB64D /* ref4.PNG in Resources */ = {isa = PBXBuildFile; fileRef = 4196455F137770A400FBB64D /* ref4.PNG */; };
		4196457F1377712200FBB64D /* ref5.PNG in Resources */ = {isa = PBXBuildFile; fileRef = 41964560137770A500FBB64D /* ref5.PNG */; };
		419645801377712200FBB64D /* ref6.PNG in Resources */ = {isa = PBXBuildFile; fileRef = 41964561137770A700FBB64D /* ref6.PNG */; };
		419645811377712200FBB64D /* ref7.PNG in Resources */ = {isa = PBXBuildFile; fileRef = 41964562137770A800FBB64D /* ref7.PNG */; };
		419645821377712200FBB64D /* ref8.PNG in Resources */ = {isa = PBXBuildFile; fileRef = 41964563137770AA00FBB64D /* ref8.PNG */; };
		419645831377712200FBB64D /* ref9.PNG in Resources */ = {isa = PBXBuildFile; fileRef = 41964564137770AC00FBB64D /* ref9.PNG */; };
		419645841377712200FBB64D /* ref10.PNG in Resources */ = {isa = PBXBuildFile; fileRef = 41964565137770AF00FBB64D /* ref10.PNG */; };
		419645851377712200FBB64D /* ref11.PNG in Resources */ = {isa = PBXBuildFile; fileRef = 41964566137770B200FBB64D /* ref11.PNG */; };
		419645861377712200FBB64D /* ref12.PNG in Resources */ = {isa = PBXBuildFile; fileRef = 41964567137770B500FBB64D /* ref12.PNG */; };
		419645871377712200FBB64D /* ref13.PNG in Resources */ = {isa = PBXBuildFile; fileRef = 41964568137770B800FBB64D /* ref13.PNG */; };
		419645881377712200FBB64D /* ref14.PNG in Resources */ = {isa = PBXBuildFile; fileRef = 41964569137770BB00FBB64D /* ref14.PNG */; };
		419645891377712200FBB64D /* ref15.PNG in Resources */ = {isa = PBXBuildFile; fileRef = 4196456A137770BF00FBB64D /* ref15.PNG */; };
		4196458A1377712200FBB64D /* ref16.png in Resources */ = {isa = PBXBuildFile; fileRef = 4196456B137770C300FBB64D /* ref16.png */; };
		4196458B1377712200FBB64D /* ref17.png in Resources */ = {isa = PBXBuildFile; fileRef = 4196456C137770C800FBB64D /* ref17.png */; };
		4196458C1377712200FBB64D /* ref18.png in Resources */ = {isa = PBXBuildFile; fileRef = 4196456D137770CC00FBB64D /* ref18.png */; };
		4196458D1377712200FBB64D /* ref19.png in Resources */ = {isa = PBXBuildFile; fileRef = 4196456E137770D100FBB64D /* ref19.png */; };
		4196458E1377712200FBB64D /* ref20.png in Resources */ = {isa = PBXBuildFile; fileRef = 4196456F137770D700FBB64D /* ref20.png */; };
		4196458F1377712200FBB64D /* ref21.png in Resources */ = {isa = PBXBuildFile; fileRef = 41964570137770DC00FBB64D /* ref21.png */; };
		419645901377712200FBB64D /* ref22.png in Resources */ = {isa = PBXBuildFile; fileRef = 41964571137770E200FBB64D /* ref22.png */; };
		419645911377712200FBB64D /* ref23.png in Resources */ = {isa = PBXBuildFile; fileRef = 41964572137770E800FBB64D /* ref23.png */; };
		419645921377712200FBB64D /* ref24.png in Resources */ = {isa = PBXBuildFile; fileRef = 41964573137770EE00FBB64D /* ref24.png */; };
		419645961377712200FBB64D /* RefData.plist in Resources */ = {isa = PBXBuildFile; fileRef = 419645771377710A00FBB64D /* RefData.plist */; };
		4196459A137771E100FBB64D /* Default.png in Resources */ = {isa = PBXBuildFile; fileRef = 41964598137771E000FBB64D /* Default.png */; };
		4196459D1377720C00FBB64D /* QuartzCore.framework in Frameworks */ = {isa = PBXBuildFile; fileRef = 4196459C1377720C00FBB64D /* QuartzCore.framework */; };
		41A34B2813913F9C00715CB4 /* iPictureViewController.m in Sources */ = {isa = PBXBuildFile; fileRef = 41A34B2613913F9C00715CB4 /* iPictureViewController.m */; };
		41A34B2913913F9C00715CB4 /* iPictureViewController.xib in Resources */ = {isa = PBXBuildFile; fileRef = 41A34B2713913F9C00715CB4 /* iPictureViewController.xib */; };
/* End PBXBuildFile section */

/* Begin PBXFileReference section */
		4120C46213B416E300E8A553 /* AssetsLibrary.framework */ = {isa = PBXFileReference; lastKnownFileType = wrapper.framework; name = AssetsLibrary.framework; path = System/Library/Frameworks/AssetsLibrary.framework; sourceTree = SDKROOT; };
		4120C46513B4177300E8A553 /* ELCAlbumPickerController.h */ = {isa = PBXFileReference; fileEncoding = 4; lastKnownFileType = sourcecode.c.h; path = ELCAlbumPickerController.h; sourceTree = "<group>"; };
		4120C46613B4177300E8A553 /* ELCAlbumPickerController.m */ = {isa = PBXFileReference; fileEncoding = 4; lastKnownFileType = sourcecode.c.objc; path = ELCAlbumPickerController.m; sourceTree = "<group>"; };
		4120C46713B4177300E8A553 /* ELCAssetTablePicker.h */ = {isa = PBXFileReference; fileEncoding = 4; lastKnownFileType = sourcecode.c.h; path = ELCAssetTablePicker.h; sourceTree = "<group>"; };
		4120C46813B4177400E8A553 /* ELCAssetTablePicker.m */ = {isa = PBXFileReference; fileEncoding = 4; lastKnownFileType = sourcecode.c.objc; path = ELCAssetTablePicker.m; sourceTree = "<group>"; };
		4120C46913B4177400E8A553 /* ELCAsset.h */ = {isa = PBXFileReference; fileEncoding = 4; lastKnownFileType = sourcecode.c.h; path = ELCAsset.h; sourceTree = "<group>"; };
		4120C46A13B4177400E8A553 /* ELCAsset.m */ = {isa = PBXFileReference; fileEncoding = 4; lastKnownFileType = sourcecode.c.objc; path = ELCAsset.m; sourceTree = "<group>"; };
		4120C46B13B4177500E8A553 /* ELCAssetCell.h */ = {isa = PBXFileReference; fileEncoding = 4; lastKnownFileType = sourcecode.c.h; path = ELCAssetCell.h; sourceTree = "<group>"; };
		4120C46C13B4177500E8A553 /* ELCAssetCell.m */ = {isa = PBXFileReference; fileEncoding = 4; lastKnownFileType = sourcecode.c.objc; path = ELCAssetCell.m; sourceTree = "<group>"; };
		4120C46D13B4177600E8A553 /* ELCImagePickerController.h */ = {isa = PBXFileReference; fileEncoding = 4; lastKnownFileType = sourcecode.c.h; path = ELCImagePickerController.h; sourceTree = "<group>"; };
		4120C46E13B4177700E8A553 /* ELCImagePickerController.m */ = {isa = PBXFileReference; fileEncoding = 4; lastKnownFileType = sourcecode.c.objc; path = ELCImagePickerController.m; sourceTree = "<group>"; };
		4120C46F13B4177800E8A553 /* ELCImagePickerController.xib */ = {isa = PBXFileReference; fileEncoding = 4; lastKnownFileType = file.xib; path = ELCImagePickerController.xib; sourceTree = "<group>"; };
		4120C47613B4179E00E8A553 /* ELCAlbumPickerController.xib */ = {isa = PBXFileReference; fileEncoding = 4; lastKnownFileType = file.xib; path = ELCAlbumPickerController.xib; sourceTree = "<group>"; };
		4120C47713B4179E00E8A553 /* ELCAssetTablePicker.xib */ = {isa = PBXFileReference; fileEncoding = 4; lastKnownFileType = file.xib; path = ELCAssetTablePicker.xib; sourceTree = "<group>"; };
		4120C47813B4179E00E8A553 /* ELCAssetPicker.xib */ = {isa = PBXFileReference; fileEncoding = 4; lastKnownFileType = file.xib; path = ELCAssetPicker.xib; sourceTree = "<group>"; };
		4120C47913B4179E00E8A553 /* Overlay.png */ = {isa = PBXFileReference; lastKnownFileType = image.png; path = Overlay.png; sourceTree = "<group>"; };
		4120C47A13B4179F00E8A553 /* Overlay@2x.png */ = {isa = PBXFileReference; lastKnownFileType = image.png; path = "Overlay@2x.png"; sourceTree = "<group>"; };
		4120C48213B4201500E8A553 /* iPictureRootViewController.h */ = {isa = PBXFileReference; fileEncoding = 4; lastKnownFileType = sourcecode.c.h; path = iPictureRootViewController.h; sourceTree = "<group>"; };
		4120C48313B4201500E8A553 /* iPictureRootViewController.m */ = {isa = PBXFileReference; fileEncoding = 4; lastKnownFileType = sourcecode.c.objc; path = iPictureRootViewController.m; sourceTree = "<group>"; };
		4120C48413B4201600E8A553 /* iPictureRootViewController.xib */ = {isa = PBXFileReference; fileEncoding = 4; lastKnownFileType = file.xib; path = iPictureRootViewController.xib; sourceTree = "<group>"; };
		4120C48F13B421A400E8A553 /* pictureCategory.plist */ = {isa = PBXFileReference; lastKnownFileType = file.bplist; path = pictureCategory.plist; sourceTree = "<group>"; };
		4120C49113B4269200E8A553 /* Business.png */ = {isa = PBXFileReference; lastKnownFileType = image.png; path = Business.png; sourceTree = "<group>"; };
		4120C49213B4269300E8A553 /* Party.png */ = {isa = PBXFileReference; lastKnownFileType = image.png; path = Party.png; sourceTree = "<group>"; };
		4120C49313B4269400E8A553 /* Relax.png */ = {isa = PBXFileReference; lastKnownFileType = image.png; path = Relax.png; sourceTree = "<group>"; };
		4120C49413B4269600E8A553 /* Sports.png */ = {isa = PBXFileReference; lastKnownFileType = image.png; path = Sports.png; sourceTree = "<group>"; };
		4120C49513B4269800E8A553 /* Family.png */ = {isa = PBXFileReference; lastKnownFileType = image.png; path = Family.png; sourceTree = "<group>"; };
		4120C4A013B42D4200E8A553 /* CategoryRootCell.h */ = {isa = PBXFileReference; fileEncoding = 4; lastKnownFileType = sourcecode.c.h; path = CategoryRootCell.h; sourceTree = "<group>"; };
		4120C4A113B42D4200E8A553 /* CategoryRootCell.m */ = {isa = PBXFileReference; fileEncoding = 4; lastKnownFileType = sourcecode.c.objc; path = CategoryRootCell.m; sourceTree = "<group>"; };
		4120C4A213B42D4300E8A553 /* CategoryRootCell.xib */ = {isa = PBXFileReference; fileEncoding = 4; lastKnownFileType = file.xib; path = CategoryRootCell.xib; sourceTree = "<group>"; };
		4120C4A513B42DC000E8A553 /* lightGrayBackground.png */ = {isa = PBXFileReference; lastKnownFileType = image.png; path = lightGrayBackground.png; sourceTree = "<group>"; };
		4120C4A613B42DC000E8A553 /* grayBackground.png */ = {isa = PBXFileReference; lastKnownFileType = image.png; path = grayBackground.png; sourceTree = "<group>"; };
		4120C4A713B42DC000E8A553 /* yellowBackground@2x.png */ = {isa = PBXFileReference; lastKnownFileType = image.png; path = "yellowBackground@2x.png"; sourceTree = "<group>"; };
		4120C4A813B42DC000E8A553 /* blueBackground@2x.png */ = {isa = PBXFileReference; lastKnownFileType = image.png; path = "blueBackground@2x.png"; sourceTree = "<group>"; };
		4120C4A913B42DC000E8A553 /* blackboard@2x.png */ = {isa = PBXFileReference; lastKnownFileType = image.png; path = "blackboard@2x.png"; sourceTree = "<group>"; };
		4120C4AA13B42DC000E8A553 /* DarkBackground.png */ = {isa = PBXFileReference; lastKnownFileType = image.png; path = DarkBackground.png; sourceTree = "<group>"; };
		4120C4AB13B42DC000E8A553 /* LightBackground.png */ = {isa = PBXFileReference; lastKnownFileType = image.png; path = LightBackground.png; sourceTree = "<group>"; };
		4120C4BB13B4818900E8A553 /* DialogView.h */ = {isa = PBXFileReference; fileEncoding = 4; lastKnownFileType = sourcecode.c.h; path = DialogView.h; sourceTree = "<group>"; };
		4120C4BC13B4818900E8A553 /* DialogView.m */ = {isa = PBXFileReference; fileEncoding = 4; lastKnownFileType = sourcecode.c.objc; path = DialogView.m; sourceTree = "<group>"; };
		4120C4BE13B4AC5900E8A553 /* DialogView.xib */ = {isa = PBXFileReference; fileEncoding = 4; lastKnownFileType = file.xib; path = DialogView.xib; sourceTree = "<group>"; };
		41665E8713AA5A0B00E73416 /* MyTabbar.h */ = {isa = PBXFileReference; fileEncoding = 4; lastKnownFileType = sourcecode.c.h; path = MyTabbar.h; sourceTree = "<group>"; };
		41665E8813AA5A0B00E73416 /* MyTabbar.m */ = {isa = PBXFileReference; fileEncoding = 4; lastKnownFileType = sourcecode.c.objc; path = MyTabbar.m; sourceTree = "<group>"; };
		41665ED313AC455D00E73416 /* iPictureSettingController.h */ = {isa = PBXFileReference; fileEncoding = 4; lastKnownFileType = sourcecode.c.h; path = iPictureSettingController.h; sourceTree = "<group>"; };
		41665ED413AC455D00E73416 /* iPictureSettingController.m */ = {isa = PBXFileReference; fileEncoding = 4; lastKnownFileType = sourcecode.c.objc; path = iPictureSettingController.m; sourceTree = "<group>"; };
		41665ED513AC455D00E73416 /* iPictureSettingController.xib */ = {isa = PBXFileReference; fileEncoding = 4; lastKnownFileType = file.xib; path = iPictureSettingController.xib; sourceTree = "<group>"; };
		417B779B1397C2DF003A07CE /* Tabbaritem.plist */ = {isa = PBXFileReference; fileEncoding = 4; lastKnownFileType = text.plist.xml; path = Tabbaritem.plist; sourceTree = "<group>"; };
		41964525137768BD00FBB64D /* almondz.app */ = {isa = PBXFileReference; explicitFileType = wrapper.application; includeInIndex = 0; path = almondz.app; sourceTree = BUILT_PRODUCTS_DIR; };
		41964529137768BD00FBB64D /* UIKit.framework */ = {isa = PBXFileReference; lastKnownFileType = wrapper.framework; name = UIKit.framework; path = System/Library/Frameworks/UIKit.framework; sourceTree = SDKROOT; };
		4196452B137768BD00FBB64D /* Foundation.framework */ = {isa = PBXFileReference; lastKnownFileType = wrapper.framework; name = Foundation.framework; path = System/Library/Frameworks/Foundation.framework; sourceTree = SDKROOT; };
		4196452D137768BD00FBB64D /* CoreGraphics.framework */ = {isa = PBXFileReference; lastKnownFileType = wrapper.framework; name = CoreGraphics.framework; path = System/Library/Frameworks/CoreGraphics.framework; sourceTree = SDKROOT; };
		41964531137768BD00FBB64D /* almondz-Info.plist */ = {isa = PBXFileReference; lastKnownFileType = text.plist.xml; path = "almondz-Info.plist"; sourceTree = "<group>"; };
		41964533137768BD00FBB64D /* en */ = {isa = PBXFileReference; lastKnownFileType = text.plist.strings; name = en; path = en.lproj/InfoPlist.strings; sourceTree = "<group>"; };
		41964535137768BD00FBB64D /* almondz-Prefix.pch */ = {isa = PBXFileReference; lastKnownFileType = sourcecode.c.h; path = "almondz-Prefix.pch"; sourceTree = "<group>"; };
		41964536137768BD00FBB64D /* main.m */ = {isa = PBXFileReference; lastKnownFileType = sourcecode.c.objc; path = main.m; sourceTree = "<group>"; };
		41964538137768BD00FBB64D /* almondzAppDelegate.h */ = {isa = PBXFileReference; lastKnownFileType = sourcecode.c.h; path = almondzAppDelegate.h; sourceTree = "<group>"; };
		41964539137768BD00FBB64D /* almondzAppDelegate.m */ = {isa = PBXFileReference; lastKnownFileType = sourcecode.c.objc; path = almondzAppDelegate.m; sourceTree = "<group>"; };
		4196453C137768BD00FBB64D /* en */ = {isa = PBXFileReference; lastKnownFileType = file.xib; name = en; path = en.lproj/MainWindow.xib; sourceTree = "<group>"; };
		419645491377693400FBB64D /* MainRootViewController.h */ = {isa = PBXFileReference; fileEncoding = 4; lastKnownFileType = sourcecode.c.h; path = MainRootViewController.h; sourceTree = "<group>"; };
		4196454A1377693400FBB64D /* MainRootViewController.m */ = {isa = PBXFileReference; fileEncoding = 4; lastKnownFileType = sourcecode.c.objc; path = MainRootViewController.m; sourceTree = "<group>"; };
		4196454B1377693400FBB64D /* MainRootViewController.xib */ = {isa = PBXFileReference; fileEncoding = 4; lastKnownFileType = file.xib; path = MainRootViewController.xib; sourceTree = "<group>"; };
		4196455B137770A200FBB64D /* ref0.PNG */ = {isa = PBXFileReference; lastKnownFileType = image.png; path = ref0.PNG; sourceTree = "<group>"; };
		4196455C137770A200FBB64D /* ref1.PNG */ = {isa = PBXFileReference; lastKnownFileType = image.png; path = ref1.PNG; sourceTree = "<group>"; };
		4196455D137770A200FBB64D /* ref2.PNG */ = {isa = PBXFileReference; lastKnownFileType = image.png; path = ref2.PNG; sourceTree = "<group>"; };
		4196455E137770A300FBB64D /* ref3.PNG */ = {isa = PBXFileReference; lastKnownFileType = image.png; path = ref3.PNG; sourceTree = "<group>"; };
		4196455F137770A400FBB64D /* ref4.PNG */ = {isa = PBXFileReference; lastKnownFileType = image.png; path = ref4.PNG; sourceTree = "<group>"; };
		41964560137770A500FBB64D /* ref5.PNG */ = {isa = PBXFileReference; lastKnownFileType = image.png; path = ref5.PNG; sourceTree = "<group>"; };
		41964561137770A700FBB64D /* ref6.PNG */ = {isa = PBXFileReference; lastKnownFileType = image.png; path = ref6.PNG; sourceTree = "<group>"; };
		41964562137770A800FBB64D /* ref7.PNG */ = {isa = PBXFileReference; lastKnownFileType = image.png; path = ref7.PNG; sourceTree = "<group>"; };
		41964563137770AA00FBB64D /* ref8.PNG */ = {isa = PBXFileReference; lastKnownFileType = image.png; path = ref8.PNG; sourceTree = "<group>"; };
		41964564137770AC00FBB64D /* ref9.PNG */ = {isa = PBXFileReference; lastKnownFileType = image.png; path = ref9.PNG; sourceTree = "<group>"; };
		41964565137770AF00FBB64D /* ref10.PNG */ = {isa = PBXFileReference; lastKnownFileType = image.png; path = ref10.PNG; sourceTree = "<group>"; };
		41964566137770B200FBB64D /* ref11.PNG */ = {isa = PBXFileReference; lastKnownFileType = image.png; path = ref11.PNG; sourceTree = "<group>"; };
		41964567137770B500FBB64D /* ref12.PNG */ = {isa = PBXFileReference; lastKnownFileType = image.png; path = ref12.PNG; sourceTree = "<group>"; };
		41964568137770B800FBB64D /* ref13.PNG */ = {isa = PBXFileReference; lastKnownFileType = image.png; path = ref13.PNG; sourceTree = "<group>"; };
		41964569137770BB00FBB64D /* ref14.PNG */ = {isa = PBXFileReference; lastKnownFileType = image.png; path = ref14.PNG; sourceTree = "<group>"; };
		4196456A137770BF00FBB64D /* ref15.PNG */ = {isa = PBXFileReference; lastKnownFileType = image.png; path = ref15.PNG; sourceTree = "<group>"; };
		4196456B137770C300FBB64D /* ref16.png */ = {isa = PBXFileReference; lastKnownFileType = image.png; path = ref16.png; sourceTree = "<group>"; };
		4196456C137770C800FBB64D /* ref17.png */ = {isa = PBXFileReference; lastKnownFileType = image.png; path = ref17.png; sourceTree = "<group>"; };
		4196456D137770CC00FBB64D /* ref18.png */ = {isa = PBXFileReference; lastKnownFileType = image.png; path = ref18.png; sourceTree = "<group>"; };
		4196456E137770D100FBB64D /* ref19.png */ = {isa = PBXFileReference; lastKnownFileType = image.png; path = ref19.png; sourceTree = "<group>"; };
		4196456F137770D700FBB64D /* ref20.png */ = {isa = PBXFileReference; lastKnownFileType = image.png; path = ref20.png; sourceTree = "<group>"; };
		41964570137770DC00FBB64D /* ref21.png */ = {isa = PBXFileReference; lastKnownFileType = image.png; path = ref21.png; sourceTree = "<group>"; };
		41964571137770E200FBB64D /* ref22.png */ = {isa = PBXFileReference; lastKnownFileType = image.png; path = ref22.png; sourceTree = "<group>"; };
		41964572137770E800FBB64D /* ref23.png */ = {isa = PBXFileReference; lastKnownFileType = image.png; path = ref23.png; sourceTree = "<group>"; };
		41964573137770EE00FBB64D /* ref24.png */ = {isa = PBXFileReference; lastKnownFileType = image.png; path = ref24.png; sourceTree = "<group>"; };
		419645771377710A00FBB64D /* RefData.plist */ = {isa = PBXFileReference; fileEncoding = 4; lastKnownFileType = text.plist.xml; path = RefData.plist; sourceTree = "<group>"; };
		41964598137771E000FBB64D /* Default.png */ = {isa = PBXFileReference; lastKnownFileType = image.png; path = Default.png; sourceTree = "<group>"; };
		4196459C1377720C00FBB64D /* QuartzCore.framework */ = {isa = PBXFileReference; lastKnownFileType = wrapper.framework; name = QuartzCore.framework; path = System/Library/Frameworks/QuartzCore.framework; sourceTree = SDKROOT; };
		41A34B2513913F9C00715CB4 /* iPictureViewController.h */ = {isa = PBXFileReference; fileEncoding = 4; lastKnownFileType = sourcecode.c.h; path = iPictureViewController.h; sourceTree = "<group>"; };
		41A34B2613913F9C00715CB4 /* iPictureViewController.m */ = {isa = PBXFileReference; fileEncoding = 4; lastKnownFileType = sourcecode.c.objc; path = iPictureViewController.m; sourceTree = "<group>"; };
		41A34B2713913F9C00715CB4 /* iPictureViewController.xib */ = {isa = PBXFileReference; fileEncoding = 4; lastKnownFileType = file.xib; path = iPictureViewController.xib; sourceTree = "<group>"; };
/* End PBXFileReference section */

/* Begin PBXFrameworksBuildPhase section */
		41964522137768BD00FBB64D /* Frameworks */ = {
			isa = PBXFrameworksBuildPhase;
			buildActionMask = 2147483647;
			files = (
				4120C46313B416E300E8A553 /* AssetsLibrary.framework in Frameworks */,
				4196459D1377720C00FBB64D /* QuartzCore.framework in Frameworks */,
				4196452A137768BD00FBB64D /* UIKit.framework in Frameworks */,
				4196452C137768BD00FBB64D /* Foundation.framework in Frameworks */,
				4196452E137768BD00FBB64D /* CoreGraphics.framework in Frameworks */,
			);
			runOnlyForDeploymentPostprocessing = 0;
		};
/* End PBXFrameworksBuildPhase section */

/* Begin PBXGroup section */
		4120C48013B417B200E8A553 /* ThirdPart */ = {
			isa = PBXGroup;
			children = (
				4120C46513B4177300E8A553 /* ELCAlbumPickerController.h */,
				4120C46613B4177300E8A553 /* ELCAlbumPickerController.m */,
				4120C46713B4177300E8A553 /* ELCAssetTablePicker.h */,
				4120C46813B4177400E8A553 /* ELCAssetTablePicker.m */,
				4120C46913B4177400E8A553 /* ELCAsset.h */,
				4120C46A13B4177400E8A553 /* ELCAsset.m */,
				4120C46B13B4177500E8A553 /* ELCAssetCell.h */,
				4120C46C13B4177500E8A553 /* ELCAssetCell.m */,
				4120C46D13B4177600E8A553 /* ELCImagePickerController.h */,
				4120C46E13B4177700E8A553 /* ELCImagePickerController.m */,
				4120C46F13B4177800E8A553 /* ELCImagePickerController.xib */,
				4120C48113B417BB00E8A553 /* Resource */,
			);
			name = ThirdPart;
			sourceTree = "<group>";
		};
		4120C48113B417BB00E8A553 /* Resource */ = {
			isa = PBXGroup;
			children = (
				4120C47613B4179E00E8A553 /* ELCAlbumPickerController.xib */,
				4120C47713B4179E00E8A553 /* ELCAssetTablePicker.xib */,
				4120C47813B4179E00E8A553 /* ELCAssetPicker.xib */,
				4120C47913B4179E00E8A553 /* Overlay.png */,
				4120C47A13B4179F00E8A553 /* Overlay@2x.png */,
			);
			name = Resource;
			sourceTree = "<group>";
		};
		4120C49D13B42B8100E8A553 /* image */ = {
			isa = PBXGroup;
			children = (
				4120C4A513B42DC000E8A553 /* lightGrayBackground.png */,
				4120C4A613B42DC000E8A553 /* grayBackground.png */,
				4120C4A713B42DC000E8A553 /* yellowBackground@2x.png */,
				4120C4A813B42DC000E8A553 /* blueBackground@2x.png */,
				4120C4A913B42DC000E8A553 /* blackboard@2x.png */,
				4120C4AA13B42DC000E8A553 /* DarkBackground.png */,
				4120C4AB13B42DC000E8A553 /* LightBackground.png */,
				4120C49113B4269200E8A553 /* Business.png */,
				4120C49213B4269300E8A553 /* Party.png */,
				4120C49313B4269400E8A553 /* Relax.png */,
				4120C49413B4269600E8A553 /* Sports.png */,
				4120C49513B4269800E8A553 /* Family.png */,
			);
			name = image;
			sourceTree = "<group>";
		};
		4120C49E13B42C1700E8A553 /* Backup */ = {
			isa = PBXGroup;
			children = (
				41665E8713AA5A0B00E73416 /* MyTabbar.h */,
				41665E8813AA5A0B00E73416 /* MyTabbar.m */,
			);
			name = Backup;
			sourceTree = "<group>";
		};
		4120C49F13B42C3200E8A553 /* File */ = {
			isa = PBXGroup;
			children = (
				4120C48F13B421A400E8A553 /* pictureCategory.plist */,
				419645771377710A00FBB64D /* RefData.plist */,
			);
			name = File;
			sourceTree = "<group>";
		};
		4196451A137768BC00FBB64D = {
			isa = PBXGroup;
			children = (
				4196452F137768BD00FBB64D /* almondz */,
				41964528137768BD00FBB64D /* Frameworks */,
				41964526137768BD00FBB64D /* Products */,
			);
			sourceTree = "<group>";
		};
		41964526137768BD00FBB64D /* Products */ = {
			isa = PBXGroup;
			children = (
				41964525137768BD00FBB64D /* almondz.app */,
			);
			name = Products;
			sourceTree = "<group>";
		};
		41964528137768BD00FBB64D /* Frameworks */ = {
			isa = PBXGroup;
			children = (
				4120C46213B416E300E8A553 /* AssetsLibrary.framework */,
				4196459C1377720C00FBB64D /* QuartzCore.framework */,
				41964529137768BD00FBB64D /* UIKit.framework */,
				4196452B137768BD00FBB64D /* Foundation.framework */,
				4196452D137768BD00FBB64D /* CoreGraphics.framework */,
			);
			name = Frameworks;
			sourceTree = "<group>";
		};
		4196452F137768BD00FBB64D /* almondz */ = {
			isa = PBXGroup;
			children = (
				4120C48013B417B200E8A553 /* ThirdPart */,
				419645A21377798D00FBB64D /* iPictureSection */,
				419645A1137774E500FBB64D /* imageFromNet */,
				419645A0137774E100FBB64D /* imageFromMe */,
				4196459F137774D900FBB64D /* imageForApp */,
				4196459E137774D300FBB64D /* mainRootView */,
				41964538137768BD00FBB64D /* almondzAppDelegate.h */,
				41964539137768BD00FBB64D /* almondzAppDelegate.m */,
				4196453B137768BD00FBB64D /* MainWindow.xib */,
				417B779B1397C2DF003A07CE /* Tabbaritem.plist */,
				41964530137768BD00FBB64D /* Supporting Files */,
			);
			path = almondz;
			sourceTree = "<group>";
		};
		41964530137768BD00FBB64D /* Supporting Files */ = {
			isa = PBXGroup;
			children = (
				4120C49D13B42B8100E8A553 /* image */,
				41964531137768BD00FBB64D /* almondz-Info.plist */,
				41964532137768BD00FBB64D /* InfoPlist.strings */,
				41964535137768BD00FBB64D /* almondz-Prefix.pch */,
				41964536137768BD00FBB64D /* main.m */,
			);
			name = "Supporting Files";
			sourceTree = "<group>";
		};
		4196459E137774D300FBB64D /* mainRootView */ = {
			isa = PBXGroup;
			children = (
				419645491377693400FBB64D /* MainRootViewController.h */,
				4196454A1377693400FBB64D /* MainRootViewController.m */,
				4196454B1377693400FBB64D /* MainRootViewController.xib */,
			);
			name = mainRootView;
			sourceTree = "<group>";
		};
		4196459F137774D900FBB64D /* imageForApp */ = {
			isa = PBXGroup;
			children = (
				41964598137771E000FBB64D /* Default.png */,
			);
			name = imageForApp;
			sourceTree = "<group>";
		};
		419645A0137774E100FBB64D /* imageFromMe */ = {
			isa = PBXGroup;
			children = (
			);
			name = imageFromMe;
			sourceTree = "<group>";
		};
		419645A1137774E500FBB64D /* imageFromNet */ = {
			isa = PBXGroup;
			children = (
				4196455B137770A200FBB64D /* ref0.PNG */,
				4196455C137770A200FBB64D /* ref1.PNG */,
				4196455D137770A200FBB64D /* ref2.PNG */,
				4196455E137770A300FBB64D /* ref3.PNG */,
				4196455F137770A400FBB64D /* ref4.PNG */,
				41964560137770A500FBB64D /* ref5.PNG */,
				41964561137770A700FBB64D /* ref6.PNG */,
				41964562137770A800FBB64D /* ref7.PNG */,
				41964563137770AA00FBB64D /* ref8.PNG */,
				41964564137770AC00FBB64D /* ref9.PNG */,
				41964565137770AF00FBB64D /* ref10.PNG */,
				41964566137770B200FBB64D /* ref11.PNG */,
				41964567137770B500FBB64D /* ref12.PNG */,
				41964569137770BB00FBB64D /* ref14.PNG */,
				4196456A137770BF00FBB64D /* ref15.PNG */,
				4196456B137770C300FBB64D /* ref16.png */,
				41964568137770B800FBB64D /* ref13.PNG */,
				4196456C137770C800FBB64D /* ref17.png */,
				4196456D137770CC00FBB64D /* ref18.png */,
				4196456E137770D100FBB64D /* ref19.png */,
				4196456F137770D700FBB64D /* ref20.png */,
				41964570137770DC00FBB64D /* ref21.png */,
				41964571137770E200FBB64D /* ref22.png */,
				41964572137770E800FBB64D /* ref23.png */,
				41964573137770EE00FBB64D /* ref24.png */,
			);
			name = imageFromNet;
			sourceTree = "<group>";
		};
		419645A21377798D00FBB64D /* iPictureSection */ = {
			isa = PBXGroup;
			children = (
				4120C49F13B42C3200E8A553 /* File */,
				4120C49E13B42C1700E8A553 /* Backup */,
				4120C4BB13B4818900E8A553 /* DialogView.h */,
				4120C4BC13B4818900E8A553 /* DialogView.m */,
				4120C4BE13B4AC5900E8A553 /* DialogView.xib */,
				41A34B2513913F9C00715CB4 /* iPictureViewController.h */,
				41A34B2613913F9C00715CB4 /* iPictureViewController.m */,
				41A34B2713913F9C00715CB4 /* iPictureViewController.xib */,
				41665ED313AC455D00E73416 /* iPictureSettingController.h */,
				41665ED413AC455D00E73416 /* iPictureSettingController.m */,
				41665ED513AC455D00E73416 /* iPictureSettingController.xib */,
				4120C48213B4201500E8A553 /* iPictureRootViewController.h */,
				4120C48313B4201500E8A553 /* iPictureRootViewController.m */,
				4120C48413B4201600E8A553 /* iPictureRootViewController.xib */,
				4120C4A013B42D4200E8A553 /* CategoryRootCell.h */,
				4120C4A113B42D4200E8A553 /* CategoryRootCell.m */,
				4120C4A213B42D4300E8A553 /* CategoryRootCell.xib */,
			);
			name = iPictureSection;
			sourceTree = "<group>";
		};
/* End PBXGroup section */

/* Begin PBXNativeTarget section */
		41964524137768BD00FBB64D /* almondz */ = {
			isa = PBXNativeTarget;
			buildConfigurationList = 41964546137768BD00FBB64D /* Build configuration list for PBXNativeTarget "almondz" */;
			buildPhases = (
				41964521137768BD00FBB64D /* Sources */,
				41964522137768BD00FBB64D /* Frameworks */,
				41964523137768BD00FBB64D /* Resources */,
			);
			buildRules = (
			);
			dependencies = (
			);
			name = almondz;
			productName = almondz;
			productReference = 41964525137768BD00FBB64D /* almondz.app */;
			productType = "com.apple.product-type.application";
		};
/* End PBXNativeTarget section */

/* Begin PBXProject section */
		4196451C137768BC00FBB64D /* Project object */ = {
			isa = PBXProject;
			buildConfigurationList = 4196451F137768BC00FBB64D /* Build configuration list for PBXProject "almondz" */;
			compatibilityVersion = "Xcode 3.2";
			developmentRegion = English;
			hasScannedForEncodings = 0;
			knownRegions = (
				en,
			);
			mainGroup = 4196451A137768BC00FBB64D;
			productRefGroup = 41964526137768BD00FBB64D /* Products */;
			projectDirPath = "";
			projectRoot = "";
			targets = (
				41964524137768BD00FBB64D /* almondz */,
			);
		};
/* End PBXProject section */

/* Begin PBXResourcesBuildPhase section */
		41964523137768BD00FBB64D /* Resources */ = {
			isa = PBXResourcesBuildPhase;
			buildActionMask = 2147483647;
			files = (
				41964534137768BD00FBB64D /* InfoPlist.strings in Resources */,
				4196453D137768BD00FBB64D /* MainWindow.xib in Resources */,
				4196454D1377693400FBB64D /* MainRootViewController.xib in Resources */,
				4196457A1377712200FBB64D /* ref0.PNG in Resources */,
				4196457B1377712200FBB64D /* ref1.PNG in Resources */,
				4196457C1377712200FBB64D /* ref2.PNG in Resources */,
				4196457D1377712200FBB64D /* ref3.PNG in Resources */,
				4196457E1377712200FBB64D /* ref4.PNG in Resources */,
				4196457F1377712200FBB64D /* ref5.PNG in Resources */,
				419645801377712200FBB64D /* ref6.PNG in Resources */,
				419645811377712200FBB64D /* ref7.PNG in Resources */,
				419645821377712200FBB64D /* ref8.PNG in Resources */,
				419645831377712200FBB64D /* ref9.PNG in Resources */,
				419645841377712200FBB64D /* ref10.PNG in Resources */,
				419645851377712200FBB64D /* ref11.PNG in Resources */,
				419645861377712200FBB64D /* ref12.PNG in Resources */,
				419645871377712200FBB64D /* ref13.PNG in Resources */,
				419645881377712200FBB64D /* ref14.PNG in Resources */,
				419645891377712200FBB64D /* ref15.PNG in Resources */,
				4196458A1377712200FBB64D /* ref16.png in Resources */,
				4196458B1377712200FBB64D /* ref17.png in Resources */,
				4196458C1377712200FBB64D /* ref18.png in Resources */,
				4196458D1377712200FBB64D /* ref19.png in Resources */,
				4196458E1377712200FBB64D /* ref20.png in Resources */,
				4196458F1377712200FBB64D /* ref21.png in Resources */,
				419645901377712200FBB64D /* ref22.png in Resources */,
				419645911377712200FBB64D /* ref23.png in Resources */,
				419645921377712200FBB64D /* ref24.png in Resources */,
				419645961377712200FBB64D /* RefData.plist in Resources */,
				4196459A137771E100FBB64D /* Default.png in Resources */,
				41A34B2913913F9C00715CB4 /* iPictureViewController.xib in Resources */,
				417B779C1397C2DF003A07CE /* Tabbaritem.plist in Resources */,
				41665ED713AC455E00E73416 /* iPictureSettingController.xib in Resources */,
				4120C47513B4177900E8A553 /* ELCImagePickerController.xib in Resources */,
				4120C47B13B4179F00E8A553 /* ELCAlbumPickerController.xib in Resources */,
				4120C47C13B4179F00E8A553 /* ELCAssetTablePicker.xib in Resources */,
				4120C47D13B4179F00E8A553 /* ELCAssetPicker.xib in Resources */,
				4120C47E13B4179F00E8A553 /* Overlay.png in Resources */,
				4120C47F13B4179F00E8A553 /* Overlay@2x.png in Resources */,
				4120C48613B4201600E8A553 /* iPictureRootViewController.xib in Resources */,
				4120C49013B421A500E8A553 /* pictureCategory.plist in Resources */,
				4120C49713B4269F00E8A553 /* Business.png in Resources */,
				4120C49813B4269F00E8A553 /* Party.png in Resources */,
				4120C49913B4269F00E8A553 /* Relax.png in Resources */,
				4120C49A13B4269F00E8A553 /* Sports.png in Resources */,
				4120C49B13B4269F00E8A553 /* Family.png in Resources */,
				4120C4A413B42D4400E8A553 /* CategoryRootCell.xib in Resources */,
				4120C4AC13B42DC000E8A553 /* lightGrayBackground.png in Resources */,
				4120C4AD13B42DC000E8A553 /* grayBackground.png in Resources */,
				4120C4AE13B42DC000E8A553 /* yellowBackground@2x.png in Resources */,
				4120C4AF13B42DC000E8A553 /* blueBackground@2x.png in Resources */,
				4120C4B013B42DC000E8A553 /* blackboard@2x.png in Resources */,
				4120C4B113B42DC000E8A553 /* DarkBackground.png in Resources */,
				4120C4B213B42DC000E8A553 /* LightBackground.png in Resources */,
				4120C4BF13B4AC6900E8A553 /* DialogView.xib in Resources */,
			);
			runOnlyForDeploymentPostprocessing = 0;
		};
/* End PBXResourcesBuildPhase section */

/* Begin PBXSourcesBuildPhase section */
		41964521137768BD00FBB64D /* Sources */ = {
			isa = PBXSourcesBuildPhase;
			buildActionMask = 2147483647;
			files = (
				41964537137768BD00FBB64D /* main.m in Sources */,
				4196453A137768BD00FBB64D /* almondzAppDelegate.m in Sources */,
				4196454C1377693400FBB64D /* MainRootViewController.m in Sources */,
				41A34B2813913F9C00715CB4 /* iPictureViewController.m in Sources */,
				41665E8913AA5A0D00E73416 /* MyTabbar.m in Sources */,
				41665ED613AC455E00E73416 /* iPictureSettingController.m in Sources */,
				4120C47013B4177800E8A553 /* ELCAlbumPickerController.m in Sources */,
				4120C47113B4177800E8A553 /* ELCAssetTablePicker.m in Sources */,
				4120C47213B4177800E8A553 /* ELCAsset.m in Sources */,
				4120C47313B4177900E8A553 /* ELCAssetCell.m in Sources */,
				4120C47413B4177900E8A553 /* ELCImagePickerController.m in Sources */,
				4120C48513B4201600E8A553 /* iPictureRootViewController.m in Sources */,
				4120C4A313B42D4400E8A553 /* CategoryRootCell.m in Sources */,
				4120C4BD13B4818900E8A553 /* DialogView.m in Sources */,
			);
			runOnlyForDeploymentPostprocessing = 0;
		};
/* End PBXSourcesBuildPhase section */

/* Begin PBXVariantGroup section */
		41964532137768BD00FBB64D /* InfoPlist.strings */ = {
			isa = PBXVariantGroup;
			children = (
				41964533137768BD00FBB64D /* en */,
			);
			name = InfoPlist.strings;
			sourceTree = "<group>";
		};
		4196453B137768BD00FBB64D /* MainWindow.xib */ = {
			isa = PBXVariantGroup;
			children = (
				4196453C137768BD00FBB64D /* en */,
			);
			name = MainWindow.xib;
			sourceTree = "<group>";
		};
/* End PBXVariantGroup section */

/* Begin XCBuildConfiguration section */
		41964544137768BD00FBB64D /* Debug */ = {
			isa = XCBuildConfiguration;
			buildSettings = {
				ARCHS = "$(ARCHS_STANDARD_32_BIT)";
				"CODE_SIGN_IDENTITY[sdk=iphoneos*]" = "iPhone Developer";
				GCC_C_LANGUAGE_STANDARD = gnu99;
				GCC_OPTIMIZATION_LEVEL = 0;
				GCC_PREPROCESSOR_DEFINITIONS = DEBUG;
				GCC_SYMBOLS_PRIVATE_EXTERN = NO;
				GCC_VERSION = com.apple.compilers.llvmgcc42;
				GCC_WARN_ABOUT_RETURN_TYPE = YES;
				GCC_WARN_UNUSED_VARIABLE = YES;
				IPHONEOS_DEPLOYMENT_TARGET = 4.3;
				SDKROOT = iphoneos;
			};
			name = Debug;
		};
		41964545137768BD00FBB64D /* Release */ = {
			isa = XCBuildConfiguration;
			buildSettings = {
				ARCHS = "$(ARCHS_STANDARD_32_BIT)";
				"CODE_SIGN_IDENTITY[sdk=iphoneos*]" = "iPhone Developer";
				GCC_C_LANGUAGE_STANDARD = gnu99;
				GCC_VERSION = com.apple.compilers.llvmgcc42;
				GCC_WARN_ABOUT_RETURN_TYPE = YES;
				GCC_WARN_UNUSED_VARIABLE = YES;
				IPHONEOS_DEPLOYMENT_TARGET = 4.3;
				OTHER_CFLAGS = "-DNS_BLOCK_ASSERTIONS=1";
				SDKROOT = iphoneos;
			};
			name = Release;
		};
		41964547137768BD00FBB64D /* Debug */ = {
			isa = XCBuildConfiguration;
			buildSettings = {
				ALWAYS_SEARCH_USER_PATHS = NO;
				COPY_PHASE_STRIP = NO;
				GCC_DYNAMIC_NO_PIC = NO;
				GCC_PRECOMPILE_PREFIX_HEADER = YES;
				GCC_PREFIX_HEADER = "almondz/almondz-Prefix.pch";
				INFOPLIST_FILE = "almondz/almondz-Info.plist";
				PRODUCT_NAME = "$(TARGET_NAME)";
				WRAPPER_EXTENSION = app;
			};
			name = Debug;
		};
		41964548137768BD00FBB64D /* Release */ = {
			isa = XCBuildConfiguration;
			buildSettings = {
				ALWAYS_SEARCH_USER_PATHS = NO;
				COPY_PHASE_STRIP = YES;
				GCC_PRECOMPILE_PREFIX_HEADER = YES;
				GCC_PREFIX_HEADER = "almondz/almondz-Prefix.pch";
				INFOPLIST_FILE = "almondz/almondz-Info.plist";
				PRODUCT_NAME = "$(TARGET_NAME)";
				VALIDATE_PRODUCT = YES;
				WRAPPER_EXTENSION = app;
			};
			name = Release;
		};
/* End XCBuildConfiguration section */

/* Begin XCConfigurationList section */
		4196451F137768BC00FBB64D /* Build configuration list for PBXProject "almondz" */ = {
			isa = XCConfigurationList;
			buildConfigurations = (
				41964544137768BD00FBB64D /* Debug */,
				41964545137768BD00FBB64D /* Release */,
			);
			defaultConfigurationIsVisible = 0;
			defaultConfigurationName = Release;
		};
		41964546137768BD00FBB64D /* Build configuration list for PBXNativeTarget "almondz" */ = {
			isa = XCConfigurationList;
			buildConfigurations = (
				41964547137768BD00FBB64D /* Debug */,
				41964548137768BD00FBB64D /* Release */,
			);
			defaultConfigurationIsVisible = 0;
			defaultConfigurationName = Release;
		};
/* End XCConfigurationList section */
	};
	rootObject = 4196451C137768BC00FBB64D /* Project object */;
}
