// !$*UTF8*$!
{
	archiveVersion = 1;
	classes = {
	};
	objectVersion = 46;
	objects = {

/* Begin PBXBuildFile section */
		4120C46313B416E300E8A553 /* AssetsLibrary.framework in Frameworks */ = {isa = PBXBuildFile; fileRef = 4120C46213B416E300E8A553 /* AssetsLibrary.framework */; };
		4120C47013B4177800E8A553 /* ELCAlbumPickerController.m in Sources */ = {isa = PBXBuildFile; fileRef = 4120C46613B4177300E8A553 /* ELCAlbumPickerController.m */; };
		4120C47113B4177800E8A553 /* ELCAssetTablePicker.m in Sources */ = {isa = PBXBuildFile; fileRef = 4120C46813B4177400E8A553 /* ELCAssetTablePicker.m */; };
		4120C47213B4177800E8A553 /* ELCAsset.m in Sources */ = {isa = PBXBuildFile; fileRef = 4120C46A13B4177400E8A553 /* ELCAsset.m */; };
		4120C47313B4177900E8A553 /* ELCAssetCell.m in Sources */ = {isa = PBXBuildFile; fileRef = 4120C46C13B4177500E8A553 /* ELCAssetCell.m */; };
		4120C47413B4177900E8A553 /* ELCImagePickerController.m in Sources */ = {isa = PBXBuildFile; fileRef = 4120C46E13B4177700E8A553 /* ELCImagePickerController.m */; };
		4120C47513B4177900E8A553 /* ELCImagePickerController.xib in Resources */ = {isa = PBXBuildFile; fileRef = 4120C46F13B4177800E8A553 /* ELCImagePickerController.xib */; };
		4120C47B13B4179F00E8A553 /* ELCAlbumPickerController.xib in Resources */ = {isa = PBXBuildFile; fileRef = 4120C47613B4179E00E8A553 /* ELCAlbumPickerController.xib */; };
		4120C47C13B4179F00E8A553 /* ELCAssetTablePicker.xib in Resources */ = {isa = PBXBuildFile; fileRef = 4120C47713B4179E00E8A553 /* ELCAssetTablePicker.xib */; };
		4120C47D13B4179F00E8A553 /* ELCAssetPicker.xib in Resources */ = {isa = PBXBuildFile; fileRef = 4120C47813B4179E00E8A553 /* ELCAssetPicker.xib */; };
		4120C47E13B4179F00E8A553 /* Overlay.png in Resources */ = {isa = PBXBuildFile; fileRef = 4120C47913B4179E00E8A553 /* Overlay.png */; };
		4120C47F13B4179F00E8A553 /* Overlay@2x.png in Resources */ = {isa = PBXBuildFile; fileRef = 4120C47A13B4179F00E8A553 /* Overlay@2x.png */; };
		4120C48513B4201600E8A553 /* iPictureRootViewController.m in Sources */ = {isa = PBXBuildFile; fileRef = 4120C48313B4201500E8A553 /* iPictureRootViewController.m */; };
		4120C48613B4201600E8A553 /* iPictureRootViewController.xib in Resources */ = {isa = PBXBuildFile; fileRef = 4120C48413B4201600E8A553 /* iPictureRootViewController.xib */; };
		4120C49013B421A500E8A553 /* pictureCategory.plist in Resources */ = {isa = PBXBuildFile; fileRef = 4120C48F13B421A400E8A553 /* pictureCategory.plist */; };
		4120C4A313B42D4400E8A553 /* CategoryRootCell.m in Sources */ = {isa = PBXBuildFile; fileRef = 4120C4A113B42D4200E8A553 /* CategoryRootCell.m */; };
		4120C4A413B42D4400E8A553 /* CategoryRootCell.xib in Resources */ = {isa = PBXBuildFile; fileRef = 4120C4A213B42D4300E8A553 /* CategoryRootCell.xib */; };
		4120C4BD13B4818900E8A553 /* DialogView.m in Sources */ = {isa = PBXBuildFile; fileRef = 4120C4BC13B4818900E8A553 /* DialogView.m */; };
		4120C4BF13B4AC6900E8A553 /* DialogView.xib in Resources */ = {isa = PBXBuildFile; fileRef = 4120C4BE13B4AC5900E8A553 /* DialogView.xib */; };
		41665E8913AA5A0D00E73416 /* MyTabbar.m in Sources */ = {isa = PBXBuildFile; fileRef = 41665E8813AA5A0B00E73416 /* MyTabbar.m */; };
		41665ED613AC455E00E73416 /* iPictureSettingController.m in Sources */ = {isa = PBXBuildFile; fileRef = 41665ED413AC455D00E73416 /* iPictureSettingController.m */; };
		41665ED713AC455E00E73416 /* iPictureSettingController.xib in Resources */ = {isa = PBXBuildFile; fileRef = 41665ED513AC455D00E73416 /* iPictureSettingController.xib */; };
		417B779C1397C2DF003A07CE /* Tabbaritem.plist in Resources */ = {isa = PBXBuildFile; fileRef = 417B779B1397C2DF003A07CE /* Tabbaritem.plist */; };
		4196452A137768BD00FBB64D /* UIKit.framework in Frameworks */ = {isa = PBXBuildFile; fileRef = 41964529137768BD00FBB64D /* UIKit.framework */; };
		4196452C137768BD00FBB64D /* Foundation.framework in Frameworks */ = {isa = PBXBuildFile; fileRef = 4196452B137768BD00FBB64D /* Foundation.framework */; };
		4196452E137768BD00FBB64D /* CoreGraphics.framework in Frameworks */ = {isa = PBXBuildFile; fileRef = 4196452D137768BD00FBB64D /* CoreGraphics.framework */; };
		41964534137768BD00FBB64D /* InfoPlist.strings in Resources */ = {isa = PBXBuildFile; fileRef = 41964532137768BD00FBB64D /* InfoPlist.strings */; };
		41964537137768BD00FBB64D /* main.m in Sources */ = {isa = PBXBuildFile; fileRef = 41964536137768BD00FBB64D /* main.m */; };
		4196453A137768BD00FBB64D /* almondzAppDelegate.m in Sources */ = {isa = PBXBuildFile; fileRef = 41964539137768BD00FBB64D /* almondzAppDelegate.m */; };
		4196453D137768BD00FBB64D /* MainWindow.xib in Resources */ = {isa = PBXBuildFile; fileRef = 4196453B137768BD00FBB64D /* MainWindow.xib */; };
		4196454C1377693400FBB64D /* MainRootViewController.m in Sources */ = {isa = PBXBuildFile; fileRef = 4196454A1377693400FBB64D /* MainRootViewController.m */; };
		4196454D1377693400FBB64D /* MainRootViewController.xib in Resources */ = {isa = PBXBuildFile; fileRef = 4196454B1377693400FBB64D /* MainRootViewController.xib */; };
		419645961377712200FBB64D /* RefData.plist in Resources */ = {isa = PBXBuildFile; fileRef = 419645771377710A00FBB64D /* RefData.plist */; };
		4196459A137771E100FBB64D /* Default.png in Resources */ = {isa = PBXBuildFile; fileRef = 41964598137771E000FBB64D /* Default.png */; };
		4196459D1377720C00FBB64D /* QuartzCore.framework in Frameworks */ = {isa = PBXBuildFile; fileRef = 4196459C1377720C00FBB64D /* QuartzCore.framework */; };
		41A34B2813913F9C00715CB4 /* iPictureViewController.m in Sources */ = {isa = PBXBuildFile; fileRef = 41A34B2613913F9C00715CB4 /* iPictureViewController.m */; };
		41A34B2913913F9C00715CB4 /* iPictureViewController.xib in Resources */ = {isa = PBXBuildFile; fileRef = 41A34B2713913F9C00715CB4 /* iPictureViewController.xib */; };
		41BA459013B5FEBC00EA41B1 /* iPictureTabbarViewController.xib in Resources */ = {isa = PBXBuildFile; fileRef = 41BA458F13B5FEBC00EA41B1 /* iPictureTabbarViewController.xib */; };
		A92D49B413E6C9DC00A311C4 /* RotateUIImage.m in Sources */ = {isa = PBXBuildFile; fileRef = A92D49B313E6C9DC00A311C4 /* RotateUIImage.m */; };
		A93FBA3813EE548A00E3F478 /* GenerateImageOperation.m in Sources */ = {isa = PBXBuildFile; fileRef = A93FBA3713EE548A00E3F478 /* GenerateImageOperation.m */; };
		A9473CDA13BDD01D00B905E6 /* MessageUI.framework in Frameworks */ = {isa = PBXBuildFile; fileRef = A9473CD913BDD01D00B905E6 /* MessageUI.framework */; };
		A9473CE613BDF15900B905E6 /* Hash.m in Sources */ = {isa = PBXBuildFile; fileRef = A9473CE513BDF15900B905E6 /* Hash.m */; };
		A95880E113D2B9BE00EA1365 /* GenerateThumbnailOperation.m in Sources */ = {isa = PBXBuildFile; fileRef = A95880E013D2B9BE00EA1365 /* GenerateThumbnailOperation.m */; };
		A98DB83F13BD84E10022FA22 /* CategoryTableViewController.m in Sources */ = {isa = PBXBuildFile; fileRef = A98DB83E13BD84E10022FA22 /* CategoryTableViewController.m */; };
		A98DB84213BD84F80022FA22 /* CategoryTableCell.m in Sources */ = {isa = PBXBuildFile; fileRef = A98DB84113BD84F80022FA22 /* CategoryTableCell.m */; };
		A98DB84613BD85140022FA22 /* CategoryEditViewController.m in Sources */ = {isa = PBXBuildFile; fileRef = A98DB84413BD85130022FA22 /* CategoryEditViewController.m */; };
		A98DB84713BD85140022FA22 /* CategoryEditViewController.xib in Resources */ = {isa = PBXBuildFile; fileRef = A98DB84513BD85130022FA22 /* CategoryEditViewController.xib */; };
		A98DB84913BD85360022FA22 /* CategoryTableCell.xib in Resources */ = {isa = PBXBuildFile; fileRef = A98DB84813BD85360022FA22 /* CategoryTableCell.xib */; };
		A99E513113D18AB800D01B5C /* ImageSavingOperation.m in Sources */ = {isa = PBXBuildFile; fileRef = A99E513013D18AB800D01B5C /* ImageSavingOperation.m */; };
		A9BE52FF13CDD82C0052D1B5 /* ImageImporterController.m in Sources */ = {isa = PBXBuildFile; fileRef = A9BE52FE13CDD82C0052D1B5 /* ImageImporterController.m */; };
		A9C1629813BCB14000F235F5 /* ToolView.m in Sources */ = {isa = PBXBuildFile; fileRef = A9C1629713BCB14000F235F5 /* ToolView.m */; };
		A9C1629A13BCB40500F235F5 /* ToolView.xib in Resources */ = {isa = PBXBuildFile; fileRef = A9C1629913BCB40500F235F5 /* ToolView.xib */; };
		A9EF4C7C13C0195700DEA240 /* ImageBrowseController.m in Sources */ = {isa = PBXBuildFile; fileRef = A9EF4C7713C0195700DEA240 /* ImageBrowseController.m */; };
		A9EF4C7D13C0195700DEA240 /* ImageScrollPageController.m in Sources */ = {isa = PBXBuildFile; fileRef = A9EF4C7913C0195700DEA240 /* ImageScrollPageController.m */; };
		A9EF4C7E13C0195700DEA240 /* ImageOperController.m in Sources */ = {isa = PBXBuildFile; fileRef = A9EF4C7B13C0195700DEA240 /* ImageOperController.m */; };
/* End PBXBuildFile section */

/* Begin PBXFileReference section */
		4120C46213B416E300E8A553 /* AssetsLibrary.framework */ = {isa = PBXFileReference; lastKnownFileType = wrapper.framework; name = AssetsLibrary.framework; path = System/Library/Frameworks/AssetsLibrary.framework; sourceTree = SDKROOT; };
		4120C46513B4177300E8A553 /* ELCAlbumPickerController.h */ = {isa = PBXFileReference; fileEncoding = 4; lastKnownFileType = sourcecode.c.h; path = ELCAlbumPickerController.h; sourceTree = "<group>"; };
		4120C46613B4177300E8A553 /* ELCAlbumPickerController.m */ = {isa = PBXFileReference; fileEncoding = 4; lastKnownFileType = sourcecode.c.objc; path = ELCAlbumPickerController.m; sourceTree = "<group>"; };
		4120C46713B4177300E8A553 /* ELCAssetTablePicker.h */ = {isa = PBXFileReference; fileEncoding = 4; lastKnownFileType = sourcecode.c.h; path = ELCAssetTablePicker.h; sourceTree = "<group>"; };
		4120C46813B4177400E8A553 /* ELCAssetTablePicker.m */ = {isa = PBXFileReference; fileEncoding = 4; lastKnownFileType = sourcecode.c.objc; path = ELCAssetTablePicker.m; sourceTree = "<group>"; };
		4120C46913B4177400E8A553 /* ELCAsset.h */ = {isa = PBXFileReference; fileEncoding = 4; lastKnownFileType = sourcecode.c.h; path = ELCAsset.h; sourceTree = "<group>"; };
		4120C46A13B4177400E8A553 /* ELCAsset.m */ = {isa = PBXFileReference; fileEncoding = 4; lastKnownFileType = sourcecode.c.objc; path = ELCAsset.m; sourceTree = "<group>"; };
		4120C46B13B4177500E8A553 /* ELCAssetCell.h */ = {isa = PBXFileReference; fileEncoding = 4; lastKnownFileType = sourcecode.c.h; path = ELCAssetCell.h; sourceTree = "<group>"; };
		4120C46C13B4177500E8A553 /* ELCAssetCell.m */ = {isa = PBXFileReference; fileEncoding = 4; lastKnownFileType = sourcecode.c.objc; path = ELCAssetCell.m; sourceTree = "<group>"; };
		4120C46D13B4177600E8A553 /* ELCImagePickerController.h */ = {isa = PBXFileReference; fileEncoding = 4; lastKnownFileType = sourcecode.c.h; path = ELCImagePickerController.h; sourceTree = "<group>"; };
		4120C46E13B4177700E8A553 /* ELCImagePickerController.m */ = {isa = PBXFileReference; fileEncoding = 4; lastKnownFileType = sourcecode.c.objc; path = ELCImagePickerController.m; sourceTree = "<group>"; };
		4120C46F13B4177800E8A553 /* ELCImagePickerController.xib */ = {isa = PBXFileReference; fileEncoding = 4; lastKnownFileType = file.xib; path = ELCImagePickerController.xib; sourceTree = "<group>"; };
		4120C47613B4179E00E8A553 /* ELCAlbumPickerController.xib */ = {isa = PBXFileReference; fileEncoding = 4; lastKnownFileType = file.xib; path = ELCAlbumPickerController.xib; sourceTree = "<group>"; };
		4120C47713B4179E00E8A553 /* ELCAssetTablePicker.xib */ = {isa = PBXFileReference; fileEncoding = 4; lastKnownFileType = file.xib; path = ELCAssetTablePicker.xib; sourceTree = "<group>"; };
		4120C47813B4179E00E8A553 /* ELCAssetPicker.xib */ = {isa = PBXFileReference; fileEncoding = 4; lastKnownFileType = file.xib; path = ELCAssetPicker.xib; sourceTree = "<group>"; };
		4120C47913B4179E00E8A553 /* Overlay.png */ = {isa = PBXFileReference; lastKnownFileType = image.png; path = Overlay.png; sourceTree = "<group>"; };
		4120C47A13B4179F00E8A553 /* Overlay@2x.png */ = {isa = PBXFileReference; lastKnownFileType = image.png; path = "Overlay@2x.png"; sourceTree = "<group>"; };
		4120C48213B4201500E8A553 /* iPictureRootViewController.h */ = {isa = PBXFileReference; fileEncoding = 4; lastKnownFileType = sourcecode.c.h; path = iPictureRootViewController.h; sourceTree = "<group>"; };
		4120C48313B4201500E8A553 /* iPictureRootViewController.m */ = {isa = PBXFileReference; fileEncoding = 4; lastKnownFileType = sourcecode.c.objc; path = iPictureRootViewController.m; sourceTree = "<group>"; };
		4120C48413B4201600E8A553 /* iPictureRootViewController.xib */ = {isa = PBXFileReference; fileEncoding = 4; lastKnownFileType = file.xib; path = iPictureRootViewController.xib; sourceTree = "<group>"; };
		4120C48F13B421A400E8A553 /* pictureCategory.plist */ = {isa = PBXFileReference; lastKnownFileType = file.bplist; path = pictureCategory.plist; sourceTree = "<group>"; };
		4120C4A013B42D4200E8A553 /* CategoryRootCell.h */ = {isa = PBXFileReference; fileEncoding = 4; lastKnownFileType = sourcecode.c.h; path = CategoryRootCell.h; sourceTree = "<group>"; };
		4120C4A113B42D4200E8A553 /* CategoryRootCell.m */ = {isa = PBXFileReference; fileEncoding = 4; lastKnownFileType = sourcecode.c.objc; path = CategoryRootCell.m; sourceTree = "<group>"; };
		4120C4A213B42D4300E8A553 /* CategoryRootCell.xib */ = {isa = PBXFileReference; fileEncoding = 4; lastKnownFileType = file.xib; path = CategoryRootCell.xib; sourceTree = "<group>"; };
		4120C4BB13B4818900E8A553 /* DialogView.h */ = {isa = PBXFileReference; fileEncoding = 4; lastKnownFileType = sourcecode.c.h; path = DialogView.h; sourceTree = "<group>"; };
		4120C4BC13B4818900E8A553 /* DialogView.m */ = {isa = PBXFileReference; fileEncoding = 4; lastKnownFileType = sourcecode.c.objc; path = DialogView.m; sourceTree = "<group>"; };
		4120C4BE13B4AC5900E8A553 /* DialogView.xib */ = {isa = PBXFileReference; fileEncoding = 4; lastKnownFileType = file.xib; path = DialogView.xib; sourceTree = "<group>"; };
		41665E8713AA5A0B00E73416 /* MyTabbar.h */ = {isa = PBXFileReference; fileEncoding = 4; lastKnownFileType = sourcecode.c.h; path = MyTabbar.h; sourceTree = "<group>"; };
		41665E8813AA5A0B00E73416 /* MyTabbar.m */ = {isa = PBXFileReference; fileEncoding = 4; lastKnownFileType = sourcecode.c.objc; path = MyTabbar.m; sourceTree = "<group>"; };
		41665ED313AC455D00E73416 /* iPictureSettingController.h */ = {isa = PBXFileReference; fileEncoding = 4; lastKnownFileType = sourcecode.c.h; path = iPictureSettingController.h; sourceTree = "<group>"; };
		41665ED413AC455D00E73416 /* iPictureSettingController.m */ = {isa = PBXFileReference; fileEncoding = 4; lastKnownFileType = sourcecode.c.objc; path = iPictureSettingController.m; sourceTree = "<group>"; };
		41665ED513AC455D00E73416 /* iPictureSettingController.xib */ = {isa = PBXFileReference; fileEncoding = 4; lastKnownFileType = file.xib; path = iPictureSettingController.xib; sourceTree = "<group>"; };
		417B779B1397C2DF003A07CE /* Tabbaritem.plist */ = {isa = PBXFileReference; fileEncoding = 4; lastKnownFileType = text.plist.xml; path = Tabbaritem.plist; sourceTree = "<group>"; };
		41964525137768BD00FBB64D /* almondz.app */ = {isa = PBXFileReference; explicitFileType = wrapper.application; includeInIndex = 0; path = almondz.app; sourceTree = BUILT_PRODUCTS_DIR; };
		41964529137768BD00FBB64D /* UIKit.framework */ = {isa = PBXFileReference; lastKnownFileType = wrapper.framework; name = UIKit.framework; path = System/Library/Frameworks/UIKit.framework; sourceTree = SDKROOT; };
		4196452B137768BD00FBB64D /* Foundation.framework */ = {isa = PBXFileReference; lastKnownFileType = wrapper.framework; name = Foundation.framework; path = System/Library/Frameworks/Foundation.framework; sourceTree = SDKROOT; };
		4196452D137768BD00FBB64D /* CoreGraphics.framework */ = {isa = PBXFileReference; lastKnownFileType = wrapper.framework; name = CoreGraphics.framework; path = System/Library/Frameworks/CoreGraphics.framework; sourceTree = SDKROOT; };
		41964531137768BD00FBB64D /* almondz-Info.plist */ = {isa = PBXFileReference; lastKnownFileType = text.plist.xml; path = "almondz-Info.plist"; sourceTree = "<group>"; };
		41964533137768BD00FBB64D /* en */ = {isa = PBXFileReference; lastKnownFileType = text.plist.strings; name = en; path = en.lproj/InfoPlist.strings; sourceTree = "<group>"; };
		41964535137768BD00FBB64D /* almondz-Prefix.pch */ = {isa = PBXFileReference; lastKnownFileType = sourcecode.c.h; path = "almondz-Prefix.pch"; sourceTree = "<group>"; };
		41964536137768BD00FBB64D /* main.m */ = {isa = PBXFileReference; lastKnownFileType = sourcecode.c.objc; path = main.m; sourceTree = "<group>"; };
		41964538137768BD00FBB64D /* almondzAppDelegate.h */ = {isa = PBXFileReference; lastKnownFileType = sourcecode.c.h; path = almondzAppDelegate.h; sourceTree = "<group>"; };
		41964539137768BD00FBB64D /* almondzAppDelegate.m */ = {isa = PBXFileReference; lastKnownFileType = sourcecode.c.objc; path = almondzAppDelegate.m; sourceTree = "<group>"; };
		4196453C137768BD00FBB64D /* en */ = {isa = PBXFileReference; lastKnownFileType = file.xib; name = en; path = en.lproj/MainWindow.xib; sourceTree = "<group>"; };
		419645491377693400FBB64D /* MainRootViewController.h */ = {isa = PBXFileReference; fileEncoding = 4; lastKnownFileType = sourcecode.c.h; path = MainRootViewController.h; sourceTree = "<group>"; };
		4196454A1377693400FBB64D /* MainRootViewController.m */ = {isa = PBXFileReference; fileEncoding = 4; lastKnownFileType = sourcecode.c.objc; path = MainRootViewController.m; sourceTree = "<group>"; };
		4196454B1377693400FBB64D /* MainRootViewController.xib */ = {isa = PBXFileReference; fileEncoding = 4; lastKnownFileType = file.xib; path = MainRootViewController.xib; sourceTree = "<group>"; };
		419645771377710A00FBB64D /* RefData.plist */ = {isa = PBXFileReference; fileEncoding = 4; lastKnownFileType = text.plist.xml; path = RefData.plist; sourceTree = "<group>"; };
		41964598137771E000FBB64D /* Default.png */ = {isa = PBXFileReference; lastKnownFileType = image.png; path = Default.png; sourceTree = "<group>"; };
		4196459C1377720C00FBB64D /* QuartzCore.framework */ = {isa = PBXFileReference; lastKnownFileType = wrapper.framework; name = QuartzCore.framework; path = System/Library/Frameworks/QuartzCore.framework; sourceTree = SDKROOT; };
		41A34B2513913F9C00715CB4 /* iPictureViewController.h */ = {isa = PBXFileReference; fileEncoding = 4; lastKnownFileType = sourcecode.c.h; path = iPictureViewController.h; sourceTree = "<group>"; };
		41A34B2613913F9C00715CB4 /* iPictureViewController.m */ = {isa = PBXFileReference; fileEncoding = 4; lastKnownFileType = sourcecode.c.objc; path = iPictureViewController.m; sourceTree = "<group>"; };
		41A34B2713913F9C00715CB4 /* iPictureViewController.xib */ = {isa = PBXFileReference; fileEncoding = 4; lastKnownFileType = file.xib; path = iPictureViewController.xib; sourceTree = "<group>"; };
		41BA458F13B5FEBC00EA41B1 /* iPictureTabbarViewController.xib */ = {isa = PBXFileReference; fileEncoding = 4; lastKnownFileType = file.xib; path = iPictureTabbarViewController.xib; sourceTree = "<group>"; };
		A92D49B213E6C9DC00A311C4 /* RotateUIImage.h */ = {isa = PBXFileReference; fileEncoding = 4; lastKnownFileType = sourcecode.c.h; path = RotateUIImage.h; sourceTree = "<group>"; };
		A92D49B313E6C9DC00A311C4 /* RotateUIImage.m */ = {isa = PBXFileReference; fileEncoding = 4; lastKnownFileType = sourcecode.c.objc; path = RotateUIImage.m; sourceTree = "<group>"; };
		A93FBA3613EE548A00E3F478 /* GenerateImageOperation.h */ = {isa = PBXFileReference; fileEncoding = 4; lastKnownFileType = sourcecode.c.h; path = GenerateImageOperation.h; sourceTree = "<group>"; };
		A93FBA3713EE548A00E3F478 /* GenerateImageOperation.m */ = {isa = PBXFileReference; fileEncoding = 4; lastKnownFileType = sourcecode.c.objc; path = GenerateImageOperation.m; sourceTree = "<group>"; };
		A9473CD913BDD01D00B905E6 /* MessageUI.framework */ = {isa = PBXFileReference; lastKnownFileType = wrapper.framework; name = MessageUI.framework; path = System/Library/Frameworks/MessageUI.framework; sourceTree = SDKROOT; };
		A9473CE413BDF15900B905E6 /* Hash.h */ = {isa = PBXFileReference; fileEncoding = 4; lastKnownFileType = sourcecode.c.h; path = Hash.h; sourceTree = "<group>"; };
		A9473CE513BDF15900B905E6 /* Hash.m */ = {isa = PBXFileReference; fileEncoding = 4; lastKnownFileType = sourcecode.c.objc; path = Hash.m; sourceTree = "<group>"; };
		A95880DF13D2B9BE00EA1365 /* GenerateThumbnailOperation.h */ = {isa = PBXFileReference; fileEncoding = 4; lastKnownFileType = sourcecode.c.h; path = GenerateThumbnailOperation.h; sourceTree = "<group>"; };
		A95880E013D2B9BE00EA1365 /* GenerateThumbnailOperation.m */ = {isa = PBXFileReference; fileEncoding = 4; lastKnownFileType = sourcecode.c.objc; path = GenerateThumbnailOperation.m; sourceTree = "<group>"; };
		A98DB83D13BD84E10022FA22 /* CategoryTableViewController.h */ = {isa = PBXFileReference; fileEncoding = 4; lastKnownFileType = sourcecode.c.h; path = CategoryTableViewController.h; sourceTree = "<group>"; };
		A98DB83E13BD84E10022FA22 /* CategoryTableViewController.m */ = {isa = PBXFileReference; fileEncoding = 4; lastKnownFileType = sourcecode.c.objc; path = CategoryTableViewController.m; sourceTree = "<group>"; };
		A98DB84013BD84F80022FA22 /* CategoryTableCell.h */ = {isa = PBXFileReference; fileEncoding = 4; lastKnownFileType = sourcecode.c.h; path = CategoryTableCell.h; sourceTree = "<group>"; };
		A98DB84113BD84F80022FA22 /* CategoryTableCell.m */ = {isa = PBXFileReference; fileEncoding = 4; lastKnownFileType = sourcecode.c.objc; path = CategoryTableCell.m; sourceTree = "<group>"; };
		A98DB84313BD85130022FA22 /* CategoryEditViewController.h */ = {isa = PBXFileReference; fileEncoding = 4; lastKnownFileType = sourcecode.c.h; path = CategoryEditViewController.h; sourceTree = "<group>"; };
		A98DB84413BD85130022FA22 /* CategoryEditViewController.m */ = {isa = PBXFileReference; fileEncoding = 4; lastKnownFileType = sourcecode.c.objc; path = CategoryEditViewController.m; sourceTree = "<group>"; };
		A98DB84513BD85130022FA22 /* CategoryEditViewController.xib */ = {isa = PBXFileReference; fileEncoding = 4; lastKnownFileType = file.xib; path = CategoryEditViewController.xib; sourceTree = "<group>"; };
		A98DB84813BD85360022FA22 /* CategoryTableCell.xib */ = {isa = PBXFileReference; fileEncoding = 4; lastKnownFileType = file.xib; path = CategoryTableCell.xib; sourceTree = "<group>"; };
		A99E512F13D18AB800D01B5C /* ImageSavingOperation.h */ = {isa = PBXFileReference; fileEncoding = 4; lastKnownFileType = sourcecode.c.h; path = ImageSavingOperation.h; sourceTree = "<group>"; };
		A99E513013D18AB800D01B5C /* ImageSavingOperation.m */ = {isa = PBXFileReference; fileEncoding = 4; lastKnownFileType = sourcecode.c.objc; path = ImageSavingOperation.m; sourceTree = "<group>"; };
		A9BE52FD13CDD82C0052D1B5 /* ImageImporterController.h */ = {isa = PBXFileReference; fileEncoding = 4; lastKnownFileType = sourcecode.c.h; path = ImageImporterController.h; sourceTree = "<group>"; };
		A9BE52FE13CDD82C0052D1B5 /* ImageImporterController.m */ = {isa = PBXFileReference; fileEncoding = 4; lastKnownFileType = sourcecode.c.objc; path = ImageImporterController.m; sourceTree = "<group>"; };
		A9C1629613BCB14000F235F5 /* ToolView.h */ = {isa = PBXFileReference; fileEncoding = 4; lastKnownFileType = sourcecode.c.h; path = ToolView.h; sourceTree = "<group>"; };
		A9C1629713BCB14000F235F5 /* ToolView.m */ = {isa = PBXFileReference; fileEncoding = 4; lastKnownFileType = sourcecode.c.objc; path = ToolView.m; sourceTree = "<group>"; };
		A9C1629913BCB40500F235F5 /* ToolView.xib */ = {isa = PBXFileReference; fileEncoding = 4; lastKnownFileType = file.xib; path = ToolView.xib; sourceTree = "<group>"; };
		A9EF4C7613C0195700DEA240 /* ImageBrowseController.h */ = {isa = PBXFileReference; fileEncoding = 4; lastKnownFileType = sourcecode.c.h; path = ImageBrowseController.h; sourceTree = "<group>"; };
		A9EF4C7713C0195700DEA240 /* ImageBrowseController.m */ = {isa = PBXFileReference; fileEncoding = 4; lastKnownFileType = sourcecode.c.objc; path = ImageBrowseController.m; sourceTree = "<group>"; };
		A9EF4C7813C0195700DEA240 /* ImageScrollPageController.h */ = {isa = PBXFileReference; fileEncoding = 4; lastKnownFileType = sourcecode.c.h; path = ImageScrollPageController.h; sourceTree = "<group>"; };
		A9EF4C7913C0195700DEA240 /* ImageScrollPageController.m */ = {isa = PBXFileReference; fileEncoding = 4; lastKnownFileType = sourcecode.c.objc; path = ImageScrollPageController.m; sourceTree = "<group>"; };
		A9EF4C7A13C0195700DEA240 /* ImageOperController.h */ = {isa = PBXFileReference; fileEncoding = 4; lastKnownFileType = sourcecode.c.h; path = ImageOperController.h; sourceTree = "<group>"; };
		A9EF4C7B13C0195700DEA240 /* ImageOperController.m */ = {isa = PBXFileReference; fileEncoding = 4; lastKnownFileType = sourcecode.c.objc; path = ImageOperController.m; sourceTree = "<group>"; };
/* End PBXFileReference section */

/* Begin PBXFrameworksBuildPhase section */
		41964522137768BD00FBB64D /* Frameworks */ = {
			isa = PBXFrameworksBuildPhase;
			buildActionMask = 2147483647;
			files = (
				A9473CDA13BDD01D00B905E6 /* MessageUI.framework in Frameworks */,
				4120C46313B416E300E8A553 /* AssetsLibrary.framework in Frameworks */,
				4196459D1377720C00FBB64D /* QuartzCore.framework in Frameworks */,
				4196452A137768BD00FBB64D /* UIKit.framework in Frameworks */,
				4196452C137768BD00FBB64D /* Foundation.framework in Frameworks */,
				4196452E137768BD00FBB64D /* CoreGraphics.framework in Frameworks */,
			);
			runOnlyForDeploymentPostprocessing = 0;
		};
/* End PBXFrameworksBuildPhase section */

/* Begin PBXGroup section */
		4120C48013B417B200E8A553 /* ThirdPart */ = {
			isa = PBXGroup;
			children = (
				4120C46513B4177300E8A553 /* ELCAlbumPickerController.h */,
				4120C46613B4177300E8A553 /* ELCAlbumPickerController.m */,
				4120C46713B4177300E8A553 /* ELCAssetTablePicker.h */,
				4120C46813B4177400E8A553 /* ELCAssetTablePicker.m */,
				4120C46913B4177400E8A553 /* ELCAsset.h */,
				4120C46A13B4177400E8A553 /* ELCAsset.m */,
				4120C46B13B4177500E8A553 /* ELCAssetCell.h */,
				4120C46C13B4177500E8A553 /* ELCAssetCell.m */,
				4120C46D13B4177600E8A553 /* ELCImagePickerController.h */,
				4120C46E13B4177700E8A553 /* ELCImagePickerController.m */,
				4120C46F13B4177800E8A553 /* ELCImagePickerController.xib */,
				4120C48113B417BB00E8A553 /* Resource */,
			);
			name = ThirdPart;
			sourceTree = "<group>";
		};
		4120C48113B417BB00E8A553 /* Resource */ = {
			isa = PBXGroup;
			children = (
				4120C47613B4179E00E8A553 /* ELCAlbumPickerController.xib */,
				4120C47713B4179E00E8A553 /* ELCAssetTablePicker.xib */,
				4120C47813B4179E00E8A553 /* ELCAssetPicker.xib */,
				4120C47913B4179E00E8A553 /* Overlay.png */,
				4120C47A13B4179F00E8A553 /* Overlay@2x.png */,
			);
			name = Resource;
			sourceTree = "<group>";
		};
		4120C49E13B42C1700E8A553 /* Backup */ = {
			isa = PBXGroup;
			children = (
				41BA458F13B5FEBC00EA41B1 /* iPictureTabbarViewController.xib */,
				41665E8713AA5A0B00E73416 /* MyTabbar.h */,
				41665E8813AA5A0B00E73416 /* MyTabbar.m */,
			);
			name = Backup;
			sourceTree = "<group>";
		};
		4120C49F13B42C3200E8A553 /* File */ = {
			isa = PBXGroup;
			children = (
				4120C48F13B421A400E8A553 /* pictureCategory.plist */,
				419645771377710A00FBB64D /* RefData.plist */,
			);
			name = File;
			sourceTree = "<group>";
		};
		4196451A137768BC00FBB64D = {
			isa = PBXGroup;
			children = (
				4196452F137768BD00FBB64D /* almondz */,
				41964528137768BD00FBB64D /* Frameworks */,
				41964526137768BD00FBB64D /* Products */,
			);
			sourceTree = "<group>";
		};
		41964526137768BD00FBB64D /* Products */ = {
			isa = PBXGroup;
			children = (
				41964525137768BD00FBB64D /* almondz.app */,
			);
			name = Products;
			sourceTree = "<group>";
		};
		41964528137768BD00FBB64D /* Frameworks */ = {
			isa = PBXGroup;
			children = (
				A9473CD913BDD01D00B905E6 /* MessageUI.framework */,
				4120C46213B416E300E8A553 /* AssetsLibrary.framework */,
				4196459C1377720C00FBB64D /* QuartzCore.framework */,
				41964529137768BD00FBB64D /* UIKit.framework */,
				4196452B137768BD00FBB64D /* Foundation.framework */,
				4196452D137768BD00FBB64D /* CoreGraphics.framework */,
			);
			name = Frameworks;
			sourceTree = "<group>";
		};
		4196452F137768BD00FBB64D /* almondz */ = {
			isa = PBXGroup;
			children = (
				A9EF4C7413C0193A00DEA240 /* Photo_Viewer */,
				A9473CE413BDF15900B905E6 /* Hash.h */,
				A9473CE513BDF15900B905E6 /* Hash.m */,
				A9C1629413BCB12500F235F5 /* View */,
				4120C48013B417B200E8A553 /* ThirdPart */,
				419645A21377798D00FBB64D /* iPictureSection */,
				4196459F137774D900FBB64D /* imageForApp */,
				4196459E137774D300FBB64D /* mainRootView */,
				41964538137768BD00FBB64D /* almondzAppDelegate.h */,
				41964539137768BD00FBB64D /* almondzAppDelegate.m */,
				4196453B137768BD00FBB64D /* MainWindow.xib */,
				417B779B1397C2DF003A07CE /* Tabbaritem.plist */,
				41964530137768BD00FBB64D /* Supporting Files */,
			);
			path = almondz;
			sourceTree = "<group>";
		};
		41964530137768BD00FBB64D /* Supporting Files */ = {
			isa = PBXGroup;
			children = (
				41964531137768BD00FBB64D /* almondz-Info.plist */,
				41964532137768BD00FBB64D /* InfoPlist.strings */,
				41964535137768BD00FBB64D /* almondz-Prefix.pch */,
				41964536137768BD00FBB64D /* main.m */,
			);
			name = "Supporting Files";
			sourceTree = "<group>";
		};
		4196459E137774D300FBB64D /* mainRootView */ = {
			isa = PBXGroup;
			children = (
				419645491377693400FBB64D /* MainRootViewController.h */,
				4196454A1377693400FBB64D /* MainRootViewController.m */,
				4196454B1377693400FBB64D /* MainRootViewController.xib */,
			);
			name = mainRootView;
			sourceTree = "<group>";
		};
		4196459F137774D900FBB64D /* imageForApp */ = {
			isa = PBXGroup;
			children = (
				41964598137771E000FBB64D /* Default.png */,
			);
			name = imageForApp;
			sourceTree = "<group>";
		};
		419645A21377798D00FBB64D /* iPictureSection */ = {
			isa = PBXGroup;
			children = (
				A9BE52FB13CDD7E20052D1B5 /* ImageImporterController */,
				A98DB83B13BD848F0022FA22 /* CategorySetting */,
				4120C49F13B42C3200E8A553 /* File */,
				4120C49E13B42C1700E8A553 /* Backup */,
				41A34B2513913F9C00715CB4 /* iPictureViewController.h */,
				41A34B2613913F9C00715CB4 /* iPictureViewController.m */,
				41A34B2713913F9C00715CB4 /* iPictureViewController.xib */,
				41665ED313AC455D00E73416 /* iPictureSettingController.h */,
				41665ED413AC455D00E73416 /* iPictureSettingController.m */,
				41665ED513AC455D00E73416 /* iPictureSettingController.xib */,
				4120C48213B4201500E8A553 /* iPictureRootViewController.h */,
				4120C48313B4201500E8A553 /* iPictureRootViewController.m */,
				4120C48413B4201600E8A553 /* iPictureRootViewController.xib */,
				4120C4A013B42D4200E8A553 /* CategoryRootCell.h */,
				4120C4A113B42D4200E8A553 /* CategoryRootCell.m */,
				4120C4A213B42D4300E8A553 /* CategoryRootCell.xib */,
			);
			name = iPictureSection;
			sourceTree = "<group>";
		};
		A98DB83B13BD848F0022FA22 /* CategorySetting */ = {
			isa = PBXGroup;
			children = (
				A98DB83D13BD84E10022FA22 /* CategoryTableViewController.h */,
				A98DB83E13BD84E10022FA22 /* CategoryTableViewController.m */,
				A98DB84013BD84F80022FA22 /* CategoryTableCell.h */,
				A98DB84113BD84F80022FA22 /* CategoryTableCell.m */,
				A98DB84813BD85360022FA22 /* CategoryTableCell.xib */,
				A98DB84313BD85130022FA22 /* CategoryEditViewController.h */,
				A98DB84413BD85130022FA22 /* CategoryEditViewController.m */,
				A98DB84513BD85130022FA22 /* CategoryEditViewController.xib */,
			);
			name = CategorySetting;
			sourceTree = "<group>";
		};
		A9BE52FB13CDD7E20052D1B5 /* ImageImporterController */ = {
			isa = PBXGroup;
			children = (
				A9BE52FD13CDD82C0052D1B5 /* ImageImporterController.h */,
				A9BE52FE13CDD82C0052D1B5 /* ImageImporterController.m */,
				4120C4BB13B4818900E8A553 /* DialogView.h */,
				4120C4BC13B4818900E8A553 /* DialogView.m */,
				4120C4BE13B4AC5900E8A553 /* DialogView.xib */,
				A99E512F13D18AB800D01B5C /* ImageSavingOperation.h */,
				A99E513013D18AB800D01B5C /* ImageSavingOperation.m */,
				A92D49B213E6C9DC00A311C4 /* RotateUIImage.h */,
				A92D49B313E6C9DC00A311C4 /* RotateUIImage.m */,
			);
			name = ImageImporterController;
			sourceTree = "<group>";
		};
		A9C1629413BCB12500F235F5 /* View */ = {
			isa = PBXGroup;
			children = (
				A9C1629613BCB14000F235F5 /* ToolView.h */,
				A9C1629713BCB14000F235F5 /* ToolView.m */,
				A9C1629913BCB40500F235F5 /* ToolView.xib */,
			);
			name = View;
			sourceTree = "<group>";
		};
		A9EF4C7413C0193A00DEA240 /* Photo_Viewer */ = {
			isa = PBXGroup;
			children = (
				A9EF4C7613C0195700DEA240 /* ImageBrowseController.h */,
				A9EF4C7713C0195700DEA240 /* ImageBrowseController.m */,
				A9EF4C7813C0195700DEA240 /* ImageScrollPageController.h */,
				A9EF4C7913C0195700DEA240 /* ImageScrollPageController.m */,
				A93FBA3613EE548A00E3F478 /* GenerateImageOperation.h */,
				A93FBA3713EE548A00E3F478 /* GenerateImageOperation.m */,
				A9EF4C7A13C0195700DEA240 /* ImageOperController.h */,
				A9EF4C7B13C0195700DEA240 /* ImageOperController.m */,
				A95880DF13D2B9BE00EA1365 /* GenerateThumbnailOperation.h */,
				A95880E013D2B9BE00EA1365 /* GenerateThumbnailOperation.m */,
			);
			name = Photo_Viewer;
			sourceTree = "<group>";
		};
/* End PBXGroup section */

/* Begin PBXNativeTarget section */
		41964524137768BD00FBB64D /* almondz */ = {
			isa = PBXNativeTarget;
			buildConfigurationList = 41964546137768BD00FBB64D /* Build configuration list for PBXNativeTarget "almondz" */;
			buildPhases = (
				41964521137768BD00FBB64D /* Sources */,
				41964522137768BD00FBB64D /* Frameworks */,
				41964523137768BD00FBB64D /* Resources */,
			);
			buildRules = (
			);
			dependencies = (
			);
			name = almondz;
			productName = almondz;
			productReference = 41964525137768BD00FBB64D /* almondz.app */;
			productType = "com.apple.product-type.application";
		};
/* End PBXNativeTarget section */

/* Begin PBXProject section */
		4196451C137768BC00FBB64D /* Project object */ = {
			isa = PBXProject;
			buildConfigurationList = 4196451F137768BC00FBB64D /* Build configuration list for PBXProject "almondz" */;
			compatibilityVersion = "Xcode 3.2";
			developmentRegion = English;
			hasScannedForEncodings = 0;
			knownRegions = (
				en,
			);
			mainGroup = 4196451A137768BC00FBB64D;
			productRefGroup = 41964526137768BD00FBB64D /* Products */;
			projectDirPath = "";
			projectRoot = "";
			targets = (
				41964524137768BD00FBB64D /* almondz */,
			);
		};
/* End PBXProject section */

/* Begin PBXResourcesBuildPhase section */
		41964523137768BD00FBB64D /* Resources */ = {
			isa = PBXResourcesBuildPhase;
			buildActionMask = 2147483647;
			files = (
				41964534137768BD00FBB64D /* InfoPlist.strings in Resources */,
				4196453D137768BD00FBB64D /* MainWindow.xib in Resources */,
				4196454D1377693400FBB64D /* MainRootViewController.xib in Resources */,
				419645961377712200FBB64D /* RefData.plist in Resources */,
				4196459A137771E100FBB64D /* Default.png in Resources */,
				41A34B2913913F9C00715CB4 /* iPictureViewController.xib in Resources */,
				417B779C1397C2DF003A07CE /* Tabbaritem.plist in Resources */,
				41665ED713AC455E00E73416 /* iPictureSettingController.xib in Resources */,
				4120C47513B4177900E8A553 /* ELCImagePickerController.xib in Resources */,
				4120C47B13B4179F00E8A553 /* ELCAlbumPickerController.xib in Resources */,
				4120C47C13B4179F00E8A553 /* ELCAssetTablePicker.xib in Resources */,
				4120C47D13B4179F00E8A553 /* ELCAssetPicker.xib in Resources */,
				4120C47E13B4179F00E8A553 /* Overlay.png in Resources */,
				4120C47F13B4179F00E8A553 /* Overlay@2x.png in Resources */,
				4120C48613B4201600E8A553 /* iPictureRootViewController.xib in Resources */,
				4120C49013B421A500E8A553 /* pictureCategory.plist in Resources */,
				4120C4A413B42D4400E8A553 /* CategoryRootCell.xib in Resources */,
				4120C4BF13B4AC6900E8A553 /* DialogView.xib in Resources */,
				41BA459013B5FEBC00EA41B1 /* iPictureTabbarViewController.xib in Resources */,
				A9C1629A13BCB40500F235F5 /* ToolView.xib in Resources */,
				A98DB84713BD85140022FA22 /* CategoryEditViewController.xib in Resources */,
				A98DB84913BD85360022FA22 /* CategoryTableCell.xib in Resources */,
			);
			runOnlyForDeploymentPostprocessing = 0;
		};
/* End PBXResourcesBuildPhase section */

/* Begin PBXSourcesBuildPhase section */
		41964521137768BD00FBB64D /* Sources */ = {
			isa = PBXSourcesBuildPhase;
			buildActionMask = 2147483647;
			files = (
				41964537137768BD00FBB64D /* main.m in Sources */,
				4196453A137768BD00FBB64D /* almondzAppDelegate.m in Sources */,
				4196454C1377693400FBB64D /* MainRootViewController.m in Sources */,
				41A34B2813913F9C00715CB4 /* iPictureViewController.m in Sources */,
				41665E8913AA5A0D00E73416 /* MyTabbar.m in Sources */,
				41665ED613AC455E00E73416 /* iPictureSettingController.m in Sources */,
				4120C47013B4177800E8A553 /* ELCAlbumPickerController.m in Sources */,
				4120C47113B4177800E8A553 /* ELCAssetTablePicker.m in Sources */,
				4120C47213B4177800E8A553 /* ELCAsset.m in Sources */,
				4120C47313B4177900E8A553 /* ELCAssetCell.m in Sources */,
				4120C47413B4177900E8A553 /* ELCImagePickerController.m in Sources */,
				4120C48513B4201600E8A553 /* iPictureRootViewController.m in Sources */,
				4120C4A313B42D4400E8A553 /* CategoryRootCell.m in Sources */,
				4120C4BD13B4818900E8A553 /* DialogView.m in Sources */,
				A9C1629813BCB14000F235F5 /* ToolView.m in Sources */,
				A98DB83F13BD84E10022FA22 /* CategoryTableViewController.m in Sources */,
				A98DB84213BD84F80022FA22 /* CategoryTableCell.m in Sources */,
				A98DB84613BD85140022FA22 /* CategoryEditViewController.m in Sources */,
				A9473CE613BDF15900B905E6 /* Hash.m in Sources */,
				A9EF4C7C13C0195700DEA240 /* ImageBrowseController.m in Sources */,
				A9EF4C7D13C0195700DEA240 /* ImageScrollPageController.m in Sources */,
				A9EF4C7E13C0195700DEA240 /* ImageOperController.m in Sources */,
				A9BE52FF13CDD82C0052D1B5 /* ImageImporterController.m in Sources */,
				A99E513113D18AB800D01B5C /* ImageSavingOperation.m in Sources */,
				A95880E113D2B9BE00EA1365 /* GenerateThumbnailOperation.m in Sources */,
				A92D49B413E6C9DC00A311C4 /* RotateUIImage.m in Sources */,
				A93FBA3813EE548A00E3F478 /* GenerateImageOperation.m in Sources */,
			);
			runOnlyForDeploymentPostprocessing = 0;
		};
/* End PBXSourcesBuildPhase section */

/* Begin PBXVariantGroup section */
		41964532137768BD00FBB64D /* InfoPlist.strings */ = {
			isa = PBXVariantGroup;
			children = (
				41964533137768BD00FBB64D /* en */,
			);
			name = InfoPlist.strings;
			sourceTree = "<group>";
		};
		4196453B137768BD00FBB64D /* MainWindow.xib */ = {
			isa = PBXVariantGroup;
			children = (
				4196453C137768BD00FBB64D /* en */,
			);
			name = MainWindow.xib;
			sourceTree = "<group>";
		};
/* End PBXVariantGroup section */

/* Begin XCBuildConfiguration section */
		41964544137768BD00FBB64D /* Debug */ = {
			isa = XCBuildConfiguration;
			buildSettings = {
				ARCHS = "$(ARCHS_STANDARD_32_BIT)";
				"CODE_SIGN_IDENTITY[sdk=iphoneos*]" = "iPhone Developer";
				GCC_C_LANGUAGE_STANDARD = gnu99;
				GCC_OPTIMIZATION_LEVEL = 0;
				GCC_PREPROCESSOR_DEFINITIONS = DEBUG;
				GCC_SYMBOLS_PRIVATE_EXTERN = NO;
				GCC_VERSION = com.apple.compilers.llvmgcc42;
				GCC_WARN_ABOUT_RETURN_TYPE = YES;
				GCC_WARN_UNUSED_VARIABLE = YES;
				IPHONEOS_DEPLOYMENT_TARGET = 4.3;
				SDKROOT = iphoneos;
			};
			name = Debug;
		};
		41964545137768BD00FBB64D /* Release */ = {
			isa = XCBuildConfiguration;
			buildSettings = {
				ARCHS = "$(ARCHS_STANDARD_32_BIT)";
				"CODE_SIGN_IDENTITY[sdk=iphoneos*]" = "iPhone Developer";
				GCC_C_LANGUAGE_STANDARD = gnu99;
				GCC_VERSION = com.apple.compilers.llvmgcc42;
				GCC_WARN_ABOUT_RETURN_TYPE = YES;
				GCC_WARN_UNUSED_VARIABLE = YES;
				IPHONEOS_DEPLOYMENT_TARGET = 4.3;
				OTHER_CFLAGS = "-DNS_BLOCK_ASSERTIONS=1";
				SDKROOT = iphoneos;
			};
			name = Release;
		};
		41964547137768BD00FBB64D /* Debug */ = {
			isa = XCBuildConfiguration;
			buildSettings = {
				ALWAYS_SEARCH_USER_PATHS = NO;
				COPY_PHASE_STRIP = NO;
				GCC_DYNAMIC_NO_PIC = NO;
				GCC_PRECOMPILE_PREFIX_HEADER = YES;
				GCC_PREFIX_HEADER = "almondz/almondz-Prefix.pch";
				INFOPLIST_FILE = "almondz/almondz-Info.plist";
				PRODUCT_NAME = "$(TARGET_NAME)";
				WRAPPER_EXTENSION = app;
			};
			name = Debug;
		};
		41964548137768BD00FBB64D /* Release */ = {
			isa = XCBuildConfiguration;
			buildSettings = {
				ALWAYS_SEARCH_USER_PATHS = NO;
				COPY_PHASE_STRIP = YES;
				GCC_PRECOMPILE_PREFIX_HEADER = YES;
				GCC_PREFIX_HEADER = "almondz/almondz-Prefix.pch";
				INFOPLIST_FILE = "almondz/almondz-Info.plist";
				PRODUCT_NAME = "$(TARGET_NAME)";
				VALIDATE_PRODUCT = YES;
				WRAPPER_EXTENSION = app;
			};
			name = Release;
		};
/* End XCBuildConfiguration section */

/* Begin XCConfigurationList section */
		4196451F137768BC00FBB64D /* Build configuration list for PBXProject "almondz" */ = {
			isa = XCConfigurationList;
			buildConfigurations = (
				41964544137768BD00FBB64D /* Debug */,
				41964545137768BD00FBB64D /* Release */,
			);
			defaultConfigurationIsVisible = 0;
			defaultConfigurationName = Release;
		};
		41964546137768BD00FBB64D /* Build configuration list for PBXNativeTarget "almondz" */ = {
			isa = XCConfigurationList;
			buildConfigurations = (
				41964547137768BD00FBB64D /* Debug */,
				41964548137768BD00FBB64D /* Release */,
			);
			defaultConfigurationIsVisible = 0;
			defaultConfigurationName = Release;
		};
/* End XCConfigurationList section */
	};
	rootObject = 4196451C137768BC00FBB64D /* Project object */;
}
